
Microsoft Visual Studio Solution File, Format Version 12.00
# Visual Studio Version 17
VisualStudioVersion = 17.0.32112.339
MinimumVisualStudioVersion = 10.0.40219.1
Project("{2150E333-8FDC-42A3-9474-1A3956D46DE8}") = "src", "src", "{7311E32F-C1B0-41C9-B5F1-DE9EBB6ABB55}"
EndProject
Project("{2150E333-8FDC-42A3-9474-1A3956D46DE8}") = "Messaging", "Messaging", "{584C62C0-2AE6-4DD6-9BCF-8FF28B7122CE}"
	ProjectSection(SolutionItems) = preProject
		src\Messaging\README.md = src\Messaging\README.md
	EndProjectSection
EndProject
Project("{9A19103F-16F7-4668-BE54-9A1E7A4F7556}") = "NBB.Messaging.Abstractions", "src\Messaging\NBB.Messaging.Abstractions\NBB.Messaging.Abstractions.csproj", "{2D956C4C-140C-4C4B-8975-43F82EBC06B6}"
EndProject
Project("{2150E333-8FDC-42A3-9474-1A3956D46DE8}") = "Domain", "Domain", "{77D2CC92-A3CB-499E-9A85-DDFB74D56580}"
	ProjectSection(SolutionItems) = preProject
		src\Domain\README.md = src\Domain\README.md
	EndProjectSection
EndProject
Project("{9A19103F-16F7-4668-BE54-9A1E7A4F7556}") = "NBB.Domain.Abstractions", "src\Domain\NBB.Domain.Abstractions\NBB.Domain.Abstractions.csproj", "{5EDA8FDA-2639-464F-A835-97006BDB8C4F}"
EndProject
Project("{2150E333-8FDC-42A3-9474-1A3956D46DE8}") = "Data", "Data", "{F031DBDA-5D3F-4CE6-B133-09CE7E212584}"
	ProjectSection(SolutionItems) = preProject
		src\Data\README.md = src\Data\README.md
	EndProjectSection
EndProject
Project("{9A19103F-16F7-4668-BE54-9A1E7A4F7556}") = "NBB.Data.EntityFramework", "src\Data\NBB.Data.EntityFramework\NBB.Data.EntityFramework.csproj", "{52D658B6-C557-43AB-8886-1EE9DE1D1E37}"
EndProject
Project("{9A19103F-16F7-4668-BE54-9A1E7A4F7556}") = "NBB.Data.EventSourcing", "src\Data\NBB.Data.EventSourcing\NBB.Data.EventSourcing.csproj", "{1A95D3B0-34AA-4F89-8667-B09E0CE2CBC8}"
EndProject
Project("{9A19103F-16F7-4668-BE54-9A1E7A4F7556}") = "NBB.Domain", "src\Domain\NBB.Domain\NBB.Domain.csproj", "{AA00FED4-B9D1-4E7E-A06B-4A9403BFF7FF}"
EndProject
Project("{2150E333-8FDC-42A3-9474-1A3956D46DE8}") = "Application", "Application", "{4DCC0E0D-52D8-4F97-9B26-C3F9CB76F16F}"
	ProjectSection(SolutionItems) = preProject
		src\Application\README.md = src\Application\README.md
	EndProjectSection
EndProject
Project("{9A19103F-16F7-4668-BE54-9A1E7A4F7556}") = "NBB.Application.MediatR", "src\Application\NBB.Application.MediatR\NBB.Application.MediatR.csproj", "{3A9676F0-9B5E-44DB-99A5-644200971512}"
EndProject
Project("{2150E333-8FDC-42A3-9474-1A3956D46DE8}") = "samples", "samples", "{D28298B7-63A2-4751-BEB9-C3C30F2E7107}"
	ProjectSection(SolutionItems) = preProject
		samples\README.md = samples\README.md
	EndProjectSection
EndProject
Project("{2150E333-8FDC-42A3-9474-1A3956D46DE8}") = "MicroServices", "MicroServices", "{CC43326A-DD67-4B00-80EE-C244B31A319F}"
	ProjectSection(SolutionItems) = preProject
		samples\MicroServices\README.md = samples\MicroServices\README.md
	EndProjectSection
EndProject
Project("{2150E333-8FDC-42A3-9474-1A3956D46DE8}") = "NBB.Contracts", "NBB.Contracts", "{A820C4C2-1472-46ED-BA95-47B588B1D7AF}"
EndProject
Project("{2150E333-8FDC-42A3-9474-1A3956D46DE8}") = "NBB.Invoices", "NBB.Invoices", "{8AA188B0-D775-49CD-BA6E-233B51B446D9}"
EndProject
Project("{2150E333-8FDC-42A3-9474-1A3956D46DE8}") = "NBB.Payments", "NBB.Payments", "{508F9587-A3CD-41EF-A5A3-36BE04BB6D1B}"
EndProject
Project("{9A19103F-16F7-4668-BE54-9A1E7A4F7556}") = "NBB.Contracts.Domain", "samples\MicroServices\NBB.Contracts\NBB.Contracts.Domain\NBB.Contracts.Domain.csproj", "{A7BFF1C7-8E38-4168-B1EE-12D1453D941E}"
EndProject
Project("{9A19103F-16F7-4668-BE54-9A1E7A4F7556}") = "NBB.Contracts.Migrations", "samples\MicroServices\NBB.Contracts\NBB.Contracts.Migrations\NBB.Contracts.Migrations.csproj", "{2D8F6137-448A-47FE-8E2D-75202A390CA0}"
EndProject
Project("{9A19103F-16F7-4668-BE54-9A1E7A4F7556}") = "NBB.Contracts.PublishedLanguage", "samples\MicroServices\NBB.Contracts\NBB.Contracts.PublishedLanguage\NBB.Contracts.PublishedLanguage.csproj", "{DB46AB1F-F68F-4922-9991-377C03FBFE15}"
EndProject
Project("{9A19103F-16F7-4668-BE54-9A1E7A4F7556}") = "NBB.Contracts.Application", "samples\MicroServices\NBB.Contracts\NBB.Contracts.Application\NBB.Contracts.Application.csproj", "{F0916D86-EB15-47BF-A3ED-321663C6E642}"
EndProject
Project("{9A19103F-16F7-4668-BE54-9A1E7A4F7556}") = "NBB.Contracts.Api", "samples\MicroServices\NBB.Contracts\NBB.Contracts.Api\NBB.Contracts.Api.csproj", "{9A2D4D91-32A7-45D6-8671-8D3D2EEDF77C}"
EndProject
Project("{9A19103F-16F7-4668-BE54-9A1E7A4F7556}") = "NBB.Contracts.Worker", "samples\MicroServices\NBB.Contracts\NBB.Contracts.Worker\NBB.Contracts.Worker.csproj", "{49EC2E4F-38DA-4267-A68D-3D35E3C0BAE1}"
EndProject
Project("{9A19103F-16F7-4668-BE54-9A1E7A4F7556}") = "NBB.Invoices.Domain", "samples\MicroServices\NBB.Invoices\NBB.Invoices.Domain\NBB.Invoices.Domain.csproj", "{7511CC31-1B47-4BB6-A2FE-1102B1C3DA60}"
EndProject
Project("{9A19103F-16F7-4668-BE54-9A1E7A4F7556}") = "NBB.Invoices.Data", "samples\MicroServices\NBB.Invoices\NBB.Invoices.Data\NBB.Invoices.Data.csproj", "{BAC86D87-C77C-4208-8A32-B9AE93050DFA}"
EndProject
Project("{9A19103F-16F7-4668-BE54-9A1E7A4F7556}") = "NBB.Invoices.Migrations", "samples\MicroServices\NBB.Invoices\NBB.Invoices.Migrations\NBB.Invoices.Migrations.csproj", "{14BD4641-7BEB-4004-9990-8D8E63AEE388}"
EndProject
Project("{9A19103F-16F7-4668-BE54-9A1E7A4F7556}") = "NBB.Invoices.PublishedLanguage", "samples\MicroServices\NBB.Invoices\NBB.Invoices.PublishedLanguage\NBB.Invoices.PublishedLanguage.csproj", "{F9112BDB-88F0-4199-99F3-5D1EB1BDFB8C}"
EndProject
Project("{9A19103F-16F7-4668-BE54-9A1E7A4F7556}") = "NBB.Invoices.Application", "samples\MicroServices\NBB.Invoices\NBB.Invoices.Application\NBB.Invoices.Application.csproj", "{FF450F12-2003-45E1-91AE-8DE68BDB1EC9}"
EndProject
Project("{9A19103F-16F7-4668-BE54-9A1E7A4F7556}") = "NBB.Payments.PublishedLanguage", "samples\MicroServices\NBB.Payments\NBB.Payments.PublishedLanguage\NBB.Payments.PublishedLanguage.csproj", "{4FCEEB60-86FD-4176-8DAE-66F5A84B43C5}"
EndProject
Project("{9A19103F-16F7-4668-BE54-9A1E7A4F7556}") = "NBB.Invoices.Api", "samples\MicroServices\NBB.Invoices\NBB.Invoices.Api\NBB.Invoices.Api.csproj", "{8550BCBA-F446-4367-94CA-9B7C425B5900}"
EndProject
Project("{9A19103F-16F7-4668-BE54-9A1E7A4F7556}") = "NBB.Invoices.Worker", "samples\MicroServices\NBB.Invoices\NBB.Invoices.Worker\NBB.Invoices.Worker.csproj", "{AF40EDA6-79C0-4156-87F1-03EC71092814}"
EndProject
Project("{9A19103F-16F7-4668-BE54-9A1E7A4F7556}") = "NBB.Payments.Domain", "samples\MicroServices\NBB.Payments\NBB.Payments.Domain\NBB.Payments.Domain.csproj", "{1505031E-3FA8-4C62-91EC-EE854649B559}"
EndProject
Project("{9A19103F-16F7-4668-BE54-9A1E7A4F7556}") = "NBB.Payments.Data", "samples\MicroServices\NBB.Payments\NBB.Payments.Data\NBB.Payments.Data.csproj", "{59D4A324-E49E-498D-B978-1620BA316FB0}"
EndProject
Project("{9A19103F-16F7-4668-BE54-9A1E7A4F7556}") = "NBB.Payments.Migrations", "samples\MicroServices\NBB.Payments\NBB.Payments.Migrations\NBB.Payments.Migrations.csproj", "{293DA21D-2AAD-46E6-987F-48F45B5A86BE}"
EndProject
Project("{9A19103F-16F7-4668-BE54-9A1E7A4F7556}") = "NBB.Payments.Application", "samples\MicroServices\NBB.Payments\NBB.Payments.Application\NBB.Payments.Application.csproj", "{5350CA03-5BED-4E99-B082-3E97E57FA823}"
EndProject
Project("{9A19103F-16F7-4668-BE54-9A1E7A4F7556}") = "NBB.Payments.Api", "samples\MicroServices\NBB.Payments\NBB.Payments.Api\NBB.Payments.Api.csproj", "{E3C793D0-F5C5-4E0C-9B72-48C9B16A3CC4}"
EndProject
Project("{9A19103F-16F7-4668-BE54-9A1E7A4F7556}") = "NBB.Payments.Worker", "samples\MicroServices\NBB.Payments\NBB.Payments.Worker\NBB.Payments.Worker.csproj", "{45B7B244-6AC4-41E4-8CA9-269DDC3C5835}"
EndProject
Project("{2150E333-8FDC-42A3-9474-1A3956D46DE8}") = "Solution Items", "Solution Items", "{EB7B0468-DE25-4350-80AD-50E7C4D09120}"
	ProjectSection(SolutionItems) = preProject
		.dockerignore = .dockerignore
		.editorconfig = .editorconfig
		.gitignore = .gitignore
		Build.ps1 = Build.ps1
		CODE_OF_CONDUCT.md = CODE_OF_CONDUCT.md
		CONTRIBUTING.md = CONTRIBUTING.md
		dependencies.props = dependencies.props
		Directory.Build.props = Directory.Build.props
		LICENSE = LICENSE
		NuGet.config = NuGet.config
		Push.ps1 = Push.ps1
		README.md = README.md
	EndProjectSection
EndProject
Project("{2150E333-8FDC-42A3-9474-1A3956D46DE8}") = "test", "test", "{83E383BB-C9D9-4F5F-BAAF-FF1ADFF0B151}"
EndProject
Project("{2150E333-8FDC-42A3-9474-1A3956D46DE8}") = "UnitTests", "UnitTests", "{90E022FB-CA1B-49DD-9BEA-CE7F8E74E8BB}"
EndProject
Project("{9A19103F-16F7-4668-BE54-9A1E7A4F7556}") = "NBB.Data.EntityFramework.Tests", "test\UnitTests\Data\NBB.Data.EntityFramework.Tests\NBB.Data.EntityFramework.Tests.csproj", "{D90FF66E-13B2-4541-9794-10005B207F8E}"
EndProject
Project("{9A19103F-16F7-4668-BE54-9A1E7A4F7556}") = "NBB.Data.EventSourcing.Tests", "test\UnitTests\Data\NBB.Data.EventSourcing.Tests\NBB.Data.EventSourcing.Tests.csproj", "{A3AD803D-EE27-40F7-A835-DA1BD5C7BD49}"
EndProject
Project("{9A19103F-16F7-4668-BE54-9A1E7A4F7556}") = "NBB.EventStore.Tests", "test\UnitTests\EventStore\NBB.EventStore.Tests\NBB.EventStore.Tests.csproj", "{50F9866B-D6A0-46D1-AAF2-36244698400F}"
EndProject
Project("{9A19103F-16F7-4668-BE54-9A1E7A4F7556}") = "NBB.Domain.Tests", "test\UnitTests\Domain\NBB.Domain.Tests\NBB.Domain.Tests.csproj", "{0F083FAE-6716-4CA8-8003-252067B2FBF6}"
EndProject
Project("{9A19103F-16F7-4668-BE54-9A1E7A4F7556}") = "NBB.Contracts.ReadModel", "samples\MicroServices\NBB.Contracts\NBB.Contracts.ReadModel\NBB.Contracts.ReadModel.csproj", "{5169916E-092C-431A-8577-50F2713C10CB}"
EndProject
Project("{2150E333-8FDC-42A3-9474-1A3956D46DE8}") = "Core", "Core", "{14726095-DA28-43A6-A9A9-F16C605932E1}"
	ProjectSection(SolutionItems) = preProject
		src\Core\README.md = src\Core\README.md
	EndProjectSection
EndProject
Project("{9A19103F-16F7-4668-BE54-9A1E7A4F7556}") = "NBB.Core.Abstractions", "src\Core\NBB.Core.Abstractions\NBB.Core.Abstractions.csproj", "{2F591414-63E0-4CD8-AA1E-11132CC20EA9}"
EndProject
Project("{2150E333-8FDC-42A3-9474-1A3956D46DE8}") = "EventStore", "EventStore", "{20C8482D-1525-47B0-B78B-09632892E8E4}"
	ProjectSection(SolutionItems) = preProject
		src\EventStore\README.md = src\EventStore\README.md
	EndProjectSection
EndProject
Project("{9A19103F-16F7-4668-BE54-9A1E7A4F7556}") = "NBB.EventStore.Abstractions", "src\EventStore\NBB.EventStore.Abstractions\NBB.EventStore.Abstractions.csproj", "{7197E4CE-120D-4601-AA8B-F65B8DB2E883}"
EndProject
Project("{9A19103F-16F7-4668-BE54-9A1E7A4F7556}") = "NBB.EventStore", "src\EventStore\NBB.EventStore\NBB.EventStore.csproj", "{DD1FF81B-107E-4874-BD37-6E84EAD78EDD}"
EndProject
Project("{2150E333-8FDC-42A3-9474-1A3956D46DE8}") = "Benchmarks", "Benchmarks", "{BE777108-64EF-4E35-93DD-A90B93A631B9}"
EndProject
Project("{9A19103F-16F7-4668-BE54-9A1E7A4F7556}") = "EventStoreBenchmarks", "test\Benchmarks\EventStoreBenchmarks\EventStoreBenchmarks.csproj", "{A648A670-0A7B-49BC-8017-E3462A89916D}"
EndProject
Project("{9A19103F-16F7-4668-BE54-9A1E7A4F7556}") = "NBB.EventStore.AdoNet", "src\EventStore\NBB.EventStore.AdoNet\NBB.EventStore.AdoNet.csproj", "{25A21016-7DF7-4884-9241-AC21D7D35ABE}"
EndProject
Project("{9A19103F-16F7-4668-BE54-9A1E7A4F7556}") = "NBB.Messaging.Nats", "src\Messaging\NBB.Messaging.Nats\NBB.Messaging.Nats.csproj", "{3C1C5EBB-A1C4-4B27-A3B2-C99DF646273E}"
EndProject
Project("{9A19103F-16F7-4668-BE54-9A1E7A4F7556}") = "NBB.Messaging.Abstractions.Tests", "test\UnitTests\Messaging\NBB.Messaging.Abstractions.Tests\NBB.Messaging.Abstractions.Tests.csproj", "{65743F60-F511-41E1-959B-D29FA3DB404D}"
EndProject
Project("{2150E333-8FDC-42A3-9474-1A3956D46DE8}") = "Monolith", "Monolith", "{34929B8F-4ED5-499C-A3AC-7ABE0F2F8FFE}"
EndProject
Project("{9A19103F-16F7-4668-BE54-9A1E7A4F7556}") = "NBB.Mono", "samples\Monolith\NBB.Mono\NBB.Mono.csproj", "{34A864A3-C25C-4DFA-BCE8-173F72B572A3}"
EndProject
Project("{9A19103F-16F7-4668-BE54-9A1E7A4F7556}") = "NBB.Messaging.InProcessMessaging", "src\Messaging\NBB.Messaging.InProcessMessaging\NBB.Messaging.InProcessMessaging.csproj", "{5104F8FE-CF32-4B6A-93FB-B6A651FB9444}"
EndProject
Project("{9A19103F-16F7-4668-BE54-9A1E7A4F7556}") = "NBB.Messaging.InProcessMessaging.Tests", "test\UnitTests\Messaging\NBB.Messaging.InProcessMessaging.Tests\NBB.Messaging.InProcessMessaging.Tests.csproj", "{2E99F025-BDC0-430E-AD2A-C81141AC2BCA}"
EndProject
Project("{9A19103F-16F7-4668-BE54-9A1E7A4F7556}") = "NBB.SQLStreamStore", "src\EventStore\NBB.SQLStreamStore\NBB.SQLStreamStore.csproj", "{88B831EC-0DFE-40D7-9449-C4BDAE5B5512}"
EndProject
Project("{9A19103F-16F7-4668-BE54-9A1E7A4F7556}") = "NBB.SQLStreamStore.Migrations", "src\EventStore\NBB.SQLStreamStore.Migrations\NBB.SQLStreamStore.Migrations.csproj", "{FC77C6B6-EAB3-4CC0-8BB0-535BC4CB2C5B}"
EndProject
Project("{9A19103F-16F7-4668-BE54-9A1E7A4F7556}") = "NBB.EventStore.AdoNet.Migrations", "src\EventStore\NBB.EventStore.AdoNet.Migrations\NBB.EventStore.AdoNet.Migrations.csproj", "{FA224C96-29E2-45F8-9CB9-B61636664F06}"
EndProject
Project("{2150E333-8FDC-42A3-9474-1A3956D46DE8}") = "Integration", "Integration", "{2D9089E7-54EA-4526-B8FE-12729BF14F16}"
EndProject
Project("{9A19103F-16F7-4668-BE54-9A1E7A4F7556}") = "NBB.EventStore.IntegrationTests", "test\Integration\NBB.EventStore.IntegrationTests\NBB.EventStore.IntegrationTests.csproj", "{22EF0C6F-7C04-47F8-8D65-3CECC772C95A}"
EndProject
Project("{9A19103F-16F7-4668-BE54-9A1E7A4F7556}") = "NBB.Mono.Migrations", "samples\Monolith\NBB.Mono.Migrations\NBB.Mono.Migrations.csproj", "{4569E00B-D010-460B-BCFD-6E56832CB2A0}"
EndProject
Project("{2150E333-8FDC-42A3-9474-1A3956D46DE8}") = "Correlation", "Correlation", "{307E1650-6128-4A36-9C98-297F2BF71C83}"
	ProjectSection(SolutionItems) = preProject
		src\Correlation\README.md = src\Correlation\README.md
	EndProjectSection
EndProject
Project("{9A19103F-16F7-4668-BE54-9A1E7A4F7556}") = "NBB.Correlation", "src\Correlation\NBB.Correlation\NBB.Correlation.csproj", "{9C0F71FC-16A0-401E-B479-D9458CBC95D7}"
EndProject
Project("{9A19103F-16F7-4668-BE54-9A1E7A4F7556}") = "NBB.Correlation.AspNet", "src\Correlation\NBB.Correlation.AspNet\NBB.Correlation.AspNet.csproj", "{CD7A26D8-B0F4-4BAE-8654-5F359495E592}"
EndProject
Project("{9A19103F-16F7-4668-BE54-9A1E7A4F7556}") = "NBB.Correlation.Serilog", "src\Correlation\NBB.Correlation.Serilog\NBB.Correlation.Serilog.csproj", "{7BFB09B3-B537-4D77-87D0-F2C6D722DB38}"
EndProject
Project("{9A19103F-16F7-4668-BE54-9A1E7A4F7556}") = "NBB.Contracts.ReadModel.Data", "samples\MicroServices\NBB.Contracts\NBB.Contracts.ReadModel.Data\NBB.Contracts.ReadModel.Data.csproj", "{CCD72C53-E7A9-4E1E-9FC4-AE53D96CDEF3}"
EndProject
Project("{9A19103F-16F7-4668-BE54-9A1E7A4F7556}") = "NBB.Contracts.WriteModel.Data", "samples\MicroServices\NBB.Contracts\NBB.Contracts.WriteModel.Data\NBB.Contracts.WriteModel.Data.csproj", "{AA04B90E-5182-413C-BF93-1D48AB8286D9}"
EndProject
Project("{2150E333-8FDC-42A3-9474-1A3956D46DE8}") = "Application", "Application", "{404998FD-60A3-414E-A30F-FAE46AE28158}"
EndProject
Project("{2150E333-8FDC-42A3-9474-1A3956D46DE8}") = "Data", "Data", "{834777FF-8E4B-4872-9C41-3A712EABAF86}"
EndProject
Project("{2150E333-8FDC-42A3-9474-1A3956D46DE8}") = "Domain", "Domain", "{97A37162-5696-48A1-8C7B-DCA03A23170B}"
EndProject
Project("{2150E333-8FDC-42A3-9474-1A3956D46DE8}") = "EventStore", "EventStore", "{0407911F-89FC-4138-BD4D-D4CFCFBB5DC1}"
EndProject
Project("{2150E333-8FDC-42A3-9474-1A3956D46DE8}") = "Messaging", "Messaging", "{A4361674-5AB7-442D-8DA7-7187C9BCA38F}"
EndProject
Project("{9A19103F-16F7-4668-BE54-9A1E7A4F7556}") = "NBB.Data.Abstractions", "src\Data\NBB.Data.Abstractions\NBB.Data.Abstractions.csproj", "{329C3A29-B023-478C-9D73-91621B101F81}"
EndProject
Project("{9A19103F-16F7-4668-BE54-9A1E7A4F7556}") = "NBB.Core.DependencyInjection", "src\Core\NBB.Core.DependencyInjection\NBB.Core.DependencyInjection.csproj", "{4B368840-DA86-48FA-969D-A086F016BB7A}"
EndProject
Project("{9A19103F-16F7-4668-BE54-9A1E7A4F7556}") = "NBB.Messaging.Host", "src\Messaging\NBB.Messaging.Host\NBB.Messaging.Host.csproj", "{B15B9803-EB9D-4BA2-9B09-ACAE8F11252D}"
EndProject
Project("{9A19103F-16F7-4668-BE54-9A1E7A4F7556}") = "NBB.Messaging.DataContracts.Tests", "test\UnitTests\Messaging\NBB.Messaging.DataContracts.Tests\NBB.Messaging.DataContracts.Tests.csproj", "{D4F5F69C-9A9F-425C-8DBA-B8053AE506B5}"
EndProject
Project("{9A19103F-16F7-4668-BE54-9A1E7A4F7556}") = "NBB.Messaging.Host.Tests", "test\UnitTests\Messaging\NBB.Messaging.Host.Tests\NBB.Messaging.Host.Tests.csproj", "{E6C9D6ED-2405-45C6-898A-EE7CE9D7D5B2}"
EndProject
Project("{9A19103F-16F7-4668-BE54-9A1E7A4F7556}") = "NBB.Core.Pipeline", "src\Core\NBB.Core.Pipeline\NBB.Core.Pipeline.csproj", "{0058E23D-59A0-422F-826B-F3027BFC6738}"
EndProject
Project("{2150E333-8FDC-42A3-9474-1A3956D46DE8}") = "Core", "Core", "{29B7593C-60F4-41DC-A883-4976FF467927}"
EndProject
Project("{9A19103F-16F7-4668-BE54-9A1E7A4F7556}") = "NBB.Core.Pipeline.Tests", "test\UnitTests\Core\NBB.Core.Pipeline.Tests\NBB.Core.Pipeline.Tests.csproj", "{CA5AE5D5-C5E6-4CE6-85FB-27A560BE065C}"
EndProject
Project("{9A19103F-16F7-4668-BE54-9A1E7A4F7556}") = "NBB.EventStore.InMemory", "src\EventStore\NBB.EventStore.InMemory\NBB.EventStore.InMemory.csproj", "{96D2C376-CB79-426A-9330-86EE408F638F}"
EndProject
Project("{9A19103F-16F7-4668-BE54-9A1E7A4F7556}") = "NBB.EventStore.InMemory.Tests", "test\UnitTests\EventStore\NBB.EventStore.InMemory.Tests\NBB.EventStore.InMemory.Tests.csproj", "{C1545525-773A-4A5F-9DC4-E029CD13E2ED}"
EndProject
Project("{9A19103F-16F7-4668-BE54-9A1E7A4F7556}") = "NBB.Application.DataContracts.Schema", "src\Application\NBB.Application.DataContracts.Schema\NBB.Application.DataContracts.Schema.csproj", "{B7F02268-98F8-4C73-9B3A-41250835F3FD}"
EndProject
Project("{9A19103F-16F7-4668-BE54-9A1E7A4F7556}") = "NBB.Messaging.OpenTracing", "src\Messaging\NBB.Messaging.OpenTracing\NBB.Messaging.OpenTracing.csproj", "{B5C4D462-E7AF-4146-9618-75FF242E148C}"
EndProject
Project("{2150E333-8FDC-42A3-9474-1A3956D46DE8}") = ".github", ".github", "{F57779EB-9107-427D-A65C-5AA262C348E1}"
	ProjectSection(SolutionItems) = preProject
		.github\release-drafter.yml = .github\release-drafter.yml
	EndProjectSection
EndProject
Project("{9A19103F-16F7-4668-BE54-9A1E7A4F7556}") = "NBB.Correlation.Serilog.SqlServer", "src\Correlation\NBB.Correlation.Serilog.SqlServer\NBB.Correlation.Serilog.SqlServer.csproj", "{F442DC3C-D2E9-468F-A6E3-D639E6F5D168}"
EndProject
Project("{2150E333-8FDC-42A3-9474-1A3956D46DE8}") = "Orchestration", "Orchestration", "{7D20C931-B59B-4227-A916-3DE892F7A78A}"
EndProject
Project("{9A19103F-16F7-4668-BE54-9A1E7A4F7556}") = "NBB.ProcessManager.Definition", "src\Orchestration\NBB.ProcessManager.Definition\NBB.ProcessManager.Definition.csproj", "{501EF886-EF0C-4067-BBF8-1768F2747E67}"
EndProject
Project("{9A19103F-16F7-4668-BE54-9A1E7A4F7556}") = "NBB.ProcessManager.Runtime", "src\Orchestration\NBB.ProcessManager.Runtime\NBB.ProcessManager.Runtime.csproj", "{D11FE59A-F3FE-4A7D-85B3-252294B6447C}"
EndProject
Project("{2150E333-8FDC-42A3-9474-1A3956D46DE8}") = "Orchestration", "Orchestration", "{FE39B11B-26E0-4EDA-AA33-18E1D5EB63D8}"
EndProject
Project("{9A19103F-16F7-4668-BE54-9A1E7A4F7556}") = "NBB.ProcessManager.Tests", "test\UnitTests\Orchestration\NBB.ProcessManager.Tests\NBB.ProcessManager.Tests.csproj", "{DB6CACB0-CDC1-47CD-B89E-BE24D9238472}"
EndProject
Project("{9A19103F-16F7-4668-BE54-9A1E7A4F7556}") = "NBB.Core.Effects", "src\Core\NBB.Core.Effects\NBB.Core.Effects.csproj", "{9799CE73-AF1F-437D-B446-820F8B9BB0E4}"
EndProject
Project("{2150E333-8FDC-42A3-9474-1A3956D46DE8}") = "Http", "Http", "{B7394D40-1B1A-4C86-B6F1-1779A7913D54}"
EndProject
Project("{9A19103F-16F7-4668-BE54-9A1E7A4F7556}") = "NBB.Http.Effects", "src\Http\NBB.Http.Effects\NBB.Http.Effects.csproj", "{DFB556BD-016A-4C1D-AA53-8AF83ABBA253}"
EndProject
Project("{9A19103F-16F7-4668-BE54-9A1E7A4F7556}") = "NBB.Messaging.Effects", "src\Messaging\NBB.Messaging.Effects\NBB.Messaging.Effects.csproj", "{82F759F3-A812-41F9-B91C-1AC026715A02}"
EndProject
Project("{9A19103F-16F7-4668-BE54-9A1E7A4F7556}") = "NBB.Messaging.Effects.Tests", "test\UnitTests\Messaging\NBB.Messaging.Effects.Tests\NBB.Messaging.Effects.Tests.csproj", "{8A3A8F57-7457-44D8-804D-CA7B2B18F8E3}"
EndProject
Project("{9A19103F-16F7-4668-BE54-9A1E7A4F7556}") = "NBB.Application.MediatR.Effects", "src\Application\NBB.Application.MediatR.Effects\NBB.Application.MediatR.Effects.csproj", "{6A926E2D-4AA9-4D4D-97B9-06761C8CAE85}"
EndProject
Project("{9A19103F-16F7-4668-BE54-9A1E7A4F7556}") = "NBB.Application.Effects.Tests", "test\UnitTests\Application\NBB.Application.Effects.Tests\NBB.Application.Effects.Tests.csproj", "{B9B2B7F6-9891-4380-94DE-27A94C7B6279}"
EndProject
Project("{9A19103F-16F7-4668-BE54-9A1E7A4F7556}") = "NBB.Core.Effects.Tests", "test\UnitTests\Core\NBB.Core.Effects.Tests\NBB.Core.Effects.Tests.csproj", "{F9F61DA4-9D22-4731-9B23-46302DC6597E}"
EndProject
Project("{2150E333-8FDC-42A3-9474-1A3956D46DE8}") = "Http", "Http", "{B09FE370-C39D-47EB-A555-275467F2F043}"
EndProject
Project("{9A19103F-16F7-4668-BE54-9A1E7A4F7556}") = "NBB.Http.Effects.Tests", "test\UnitTests\Http\NBB.Http.Effects.Tests\NBB.Http.Effects.Tests.csproj", "{4AE166DE-9E9D-482B-84F6-3556AC743DEF}"
EndProject
Project("{2150E333-8FDC-42A3-9474-1A3956D46DE8}") = "MultiTenancy", "MultiTenancy", "{F170EE3D-296D-487B-9498-CCD8541BAFB2}"
	ProjectSection(SolutionItems) = preProject
		src\MultiTenancy\README.md = src\MultiTenancy\README.md
	EndProjectSection
EndProject
Project("{9A19103F-16F7-4668-BE54-9A1E7A4F7556}") = "NBB.MultiTenancy.Abstractions", "src\MultiTenancy\NBB.MultiTenancy.Abstractions\NBB.MultiTenancy.Abstractions.csproj", "{39812860-D4CB-4C4B-B18E-24C0AB9D8DFE}"
EndProject
Project("{9A19103F-16F7-4668-BE54-9A1E7A4F7556}") = "NBB.Data.EntityFramework.MultiTenancy", "src\Data\NBB.Data.EntityFramework.MultiTenancy\NBB.Data.EntityFramework.MultiTenancy.csproj", "{2D2EF9B5-2C2D-4F66-AAAB-EF9DA669DA97}"
EndProject
Project("{9A19103F-16F7-4668-BE54-9A1E7A4F7556}") = "NBB.Data.EntityFramework.MultiTenancy.Tests", "test\UnitTests\Data\NBB.Data.EntityFramework.MultiTenancy.Tests\NBB.Data.EntityFramework.MultiTenancy.Tests.csproj", "{4AAABBA9-8EC3-4374-9F23-8F4F8B59A227}"
EndProject
Project("{9A19103F-16F7-4668-BE54-9A1E7A4F7556}") = "NBB.MultiTenancy.Identification", "src\MultiTenancy\NBB.MultiTenancy.Identification\NBB.MultiTenancy.Identification.csproj", "{DB768569-2CDA-4382-84E3-D41494A22EDD}"
EndProject
Project("{6EC3EE1D-3C4E-46DD-8F32-0CC8E7565705}") = "NBB.Core.Effects.FSharp", "src\Core\NBB.Core.Effects.FSharp\NBB.Core.Effects.FSharp.fsproj", "{826D8C5A-AC92-4559-9C82-629666525D6C}"
EndProject
Project("{2150E333-8FDC-42A3-9474-1A3956D46DE8}") = "MultiTenancy", "MultiTenancy", "{0ECF24A0-BFED-4F7A-8B06-CC40E628E852}"
EndProject
Project("{9A19103F-16F7-4668-BE54-9A1E7A4F7556}") = "NBB.MultiTenancy.Identification.Tests", "test\UnitTests\MultiTenancy\NBB.MultiTenancy.Identification.Tests\NBB.MultiTenancy.Identification.Tests.csproj", "{64275FFB-A07C-43C2-8D7F-21DDA18B1DF3}"
EndProject
Project("{9A19103F-16F7-4668-BE54-9A1E7A4F7556}") = "NBB.MultiTenancy.Identification.Http", "src\MultiTenancy\NBB.MultiTenancy.Identification.Http\NBB.MultiTenancy.Identification.Http.csproj", "{5EED8D24-86E1-4F9C-81F5-541A8CF892D5}"
EndProject
Project("{9A19103F-16F7-4668-BE54-9A1E7A4F7556}") = "NBB.MultiTenancy.Identification.Http.Tests", "test\UnitTests\MultiTenancy\NBB.MultiTenancy.Identification.Http.Tests\NBB.MultiTenancy.Identification.Http.Tests.csproj", "{45ECA8AA-9AF9-430C-A73D-016FE11596FA}"
EndProject
Project("{9A19103F-16F7-4668-BE54-9A1E7A4F7556}") = "NBB.MultiTenancy.Identification.Messaging", "src\MultiTenancy\NBB.MultiTenancy.Identification.Messaging\NBB.MultiTenancy.Identification.Messaging.csproj", "{C2E1D2F8-EDC2-40CA-A4A4-8DE9AC97706A}"
EndProject
Project("{9A19103F-16F7-4668-BE54-9A1E7A4F7556}") = "NBB.MultiTenancy.Identification.Messaging.Tests", "test\UnitTests\MultiTenancy\NBB.MultiTenancy.Identification.Messaging.Tests\NBB.MultiTenancy.Identification.Messaging.Tests.csproj", "{713919AF-8797-4EBD-B2E0-2D9BC87AD362}"
EndProject
Project("{9A19103F-16F7-4668-BE54-9A1E7A4F7556}") = "NBB.Messaging.MultiTenancy", "src\Messaging\NBB.Messaging.MultiTenancy\NBB.Messaging.MultiTenancy.csproj", "{7B8A4CF7-520E-43E9-A7ED-5DD3EDCAB3FC}"
EndProject
Project("{9A19103F-16F7-4668-BE54-9A1E7A4F7556}") = "NBB.Messaging.MultiTenancy.Tests", "test\UnitTests\Messaging\NBB.Messaging.MultiTenancy.Tests\NBB.Messaging.MultiTenancy.Tests.csproj", "{E305069A-E4A9-480F-94E6-9CCFC4C11F63}"
EndProject
Project("{6EC3EE1D-3C4E-46DD-8F32-0CC8E7565705}") = "NBB.Core.Evented.FSharp", "src\Core\NBB.Core.Evented.FSharp\NBB.Core.Evented.FSharp.fsproj", "{560D2A62-21C9-42FB-977C-7F2E66A1A529}"
EndProject
Project("{6EC3EE1D-3C4E-46DD-8F32-0CC8E7565705}") = "NBB.Core.Effects.FSharp.Tests", "test\UnitTests\Core\NBB.Core.Effects.FSharp.Tests\NBB.Core.Effects.FSharp.Tests.fsproj", "{41925593-33AD-4E12-A7C4-71A50A15C44B}"
EndProject
Project("{6EC3EE1D-3C4E-46DD-8F32-0CC8E7565705}") = "NBB.Core.Evented.FSharp.Tests", "test\UnitTests\Core\NBB.Core.Evented.FSharp.Tests\NBB.Core.Evented.FSharp.Tests.fsproj", "{16EC08F8-DC9B-4D8E-89BA-6A8FBD74265B}"
EndProject
Project("{6EC3EE1D-3C4E-46DD-8F32-0CC8E7565705}") = "NBB.Core.FSharp", "src\Core\NBB.Core.FSharp\NBB.Core.FSharp.fsproj", "{06E25E78-E1B6-4237-8D48-2A4EFBD73240}"
EndProject
Project("{9A19103F-16F7-4668-BE54-9A1E7A4F7556}") = "NBB.MultiTenancy.AspNet", "src\MultiTenancy\NBB.MultiTenancy.AspNet\NBB.MultiTenancy.AspNet.csproj", "{64EDD4BF-5BFB-45DE-B066-A232B277090B}"
EndProject
Project("{6EC3EE1D-3C4E-46DD-8F32-0CC8E7565705}") = "NBB.Application.Mediator.FSharp", "src\Application\NBB.Application.Mediator.FSharp\NBB.Application.Mediator.FSharp.fsproj", "{1C636C6F-12F4-47BF-B681-004706DB7D74}"
EndProject
Project("{6EC3EE1D-3C4E-46DD-8F32-0CC8E7565705}") = "NBB.Application.Mediator.FSharp.Tests", "test\UnitTests\Application\NBB.Application.Mediator.FSharp.Tests\NBB.Application.Mediator.FSharp.Tests.fsproj", "{5E3FBE02-EA05-4666-9A23-21E9C53AC0CF}"
EndProject
Project("{6EC3EE1D-3C4E-46DD-8F32-0CC8E7565705}") = "EffectsBenchmarks", "test\Benchmarks\EffectsBenchmarks\EffectsBenchmarks\EffectsBenchmarks.fsproj", "{FFC30800-0595-4F67-9497-4A818C87CA00}"
EndProject
Project("{2150E333-8FDC-42A3-9474-1A3956D46DE8}") = "Orchestration", "Orchestration", "{74583BC7-B9BC-4D27-B9E9-5DB136A8E41C}"
EndProject
Project("{9A19103F-16F7-4668-BE54-9A1E7A4F7556}") = "ProcessManagerSample", "samples\Orchestration\ProcessManagerSample\ProcessManagerSample.csproj", "{A2A174AF-8612-4796-B5FA-E2F9EB3AB68F}"
EndProject
Project("{2150E333-8FDC-42A3-9474-1A3956D46DE8}") = "Tools", "Tools", "{EF374BA2-61FC-41FB-8229-5187DCBAA63A}"
EndProject
Project("{9A19103F-16F7-4668-BE54-9A1E7A4F7556}") = "NBB.Tools.Serilog.OpenTracingSink", "src\Tools\Serilog\NBB.Tools.Serilog.OpenTracingSink\NBB.Tools.Serilog.OpenTracingSink.csproj", "{A5826A9E-7E96-4A52-8A06-2B6DC9855954}"
EndProject
Project("{9A19103F-16F7-4668-BE54-9A1E7A4F7556}") = "NBB.EventStore.AdoNet.MultiTenancy", "src\EventStore\NBB.EventStore.AdoNet.Multitenancy\NBB.EventStore.AdoNet.MultiTenancy.csproj", "{2FEDB78D-E355-4449-A9D3-1C3079E38FD9}"
EndProject
Project("{9A19103F-16F7-4668-BE54-9A1E7A4F7556}") = "NBB.Application.DataContracts", "src\Application\NBB.Application.DataContracts\NBB.Application.DataContracts.csproj", "{0B65210B-9A1D-4D07-98B4-69995FEF21BD}"
EndProject
Project("{9A19103F-16F7-4668-BE54-9A1E7A4F7556}") = "NBB.Messaging.BackwardCompatibility", "src\Messaging\NBB.Messaging.BackwardCompatibility\NBB.Messaging.BackwardCompatibility.csproj", "{04556BEE-32FE-47D5-8C22-7D336FA44D7C}"
EndProject
Project("{9A19103F-16F7-4668-BE54-9A1E7A4F7556}") = "NBB.MicroServicesOrchestration", "samples\MicroServices\NBB.MicroServicesOrchestration\NBB.MicroServicesOrchestration.csproj", "{4054ACD4-492E-4315-A42D-554E5F6565E5}"
EndProject
Project("{6EC3EE1D-3C4E-46DD-8F32-0CC8E7565705}") = "NBB.Core.FSharp.Tests", "test\UnitTests\NBB.Core.FSharp.Tests\NBB.Core.FSharp.Tests.fsproj", "{31DDD372-FA89-4FD2-9912-E610233EF83D}"
EndProject
Project("{2150E333-8FDC-42A3-9474-1A3956D46DE8}") = "assets", "assets", "{729F9B40-DA6F-4223-8FEE-76DBC9184112}"
EndProject
Project("{2150E333-8FDC-42A3-9474-1A3956D46DE8}") = "img", "img", "{B951278D-3864-4239-A2CF-769953E827EC}"
	ProjectSection(SolutionItems) = preProject
		assets\img\icon.png = assets\img\icon.png
	EndProjectSection
EndProject
Project("{9A19103F-16F7-4668-BE54-9A1E7A4F7556}") = "NBB.Messaging.DataContracts", "src\Messaging\NBB.Messaging.DataContracts\NBB.Messaging.DataContracts.csproj", "{BC30AED1-5A8C-4100-A32F-1F8EDE84F2CB}"
EndProject
Project("{2150E333-8FDC-42A3-9474-1A3956D46DE8}") = "MultiTenancy", "MultiTenancy", "{FA5EB6F2-9864-46B9-B62E-13D6578D9009}"
	ProjectSection(SolutionItems) = preProject
		samples\MultiTenancy\README.md = samples\MultiTenancy\README.md
	EndProjectSection
EndProject
Project("{9A19103F-16F7-4668-BE54-9A1E7A4F7556}") = "NBB.Todo.Api", "samples\MultiTenancy\NBB.Todo.Api\NBB.Todo.Api.csproj", "{84EFA90D-94CE-4FF3-A945-073ED22F575E}"
EndProject
Project("{9A19103F-16F7-4668-BE54-9A1E7A4F7556}") = "NBB.Todo.Worker", "samples\MultiTenancy\NBB.Todo.Worker\NBB.Todo.Worker.csproj", "{44718FD6-CF6F-4AE6-A31E-0F510628E516}"
EndProject
Project("{9A19103F-16F7-4668-BE54-9A1E7A4F7556}") = "NBB.Todo.Data", "samples\MultiTenancy\NBB.Todo.Data\NBB.Todo.Data.csproj", "{2752E754-8275-4712-81A9-FD64E85376D4}"
EndProject
Project("{9A19103F-16F7-4668-BE54-9A1E7A4F7556}") = "NBB.Todo.Migrations", "samples\MultiTenancy\NBB.Todo.Migrations\NBB.Todo.Migrations.csproj", "{AEF0202F-2450-4D38-B5FF-48EBFBAAD26D}"
EndProject
Project("{9A19103F-16F7-4668-BE54-9A1E7A4F7556}") = "NBB.Todo.PublishedLanguage", "samples\MultiTenancy\NBB.Todo.PublishedLanguage\NBB.Todo.PublishedLanguage.csproj", "{37C07DBD-BE79-4897-B571-152F0E81CA4B}"
EndProject
Project("{2150E333-8FDC-42A3-9474-1A3956D46DE8}") = "NBB.Invoices.FSharp", "NBB.Invoices.FSharp", "{29AF1BE2-AB2E-4261-BAAF-613C9A536684}"
	ProjectSection(SolutionItems) = preProject
		samples\MicroServices\NBB.Invoices.FSharp\NBB.Invoices.FSharp.postman_collection.json = samples\MicroServices\NBB.Invoices.FSharp\NBB.Invoices.FSharp.postman_collection.json
		samples\MicroServices\NBB.Invoices.FSharp\README.md = samples\MicroServices\NBB.Invoices.FSharp\README.md
	EndProjectSection
EndProject
Project("{6EC3EE1D-3C4E-46DD-8F32-0CC8E7565705}") = "NBB.Invoices.FSharp", "samples\MicroServices\NBB.Invoices.FSharp\NBB.Invoices.FSharp\NBB.Invoices.FSharp.fsproj", "{DD572450-C7AE-47A9-B3BF-47A81E98D167}"
EndProject
Project("{6EC3EE1D-3C4E-46DD-8F32-0CC8E7565705}") = "NBB.Invoices.FSharp.Worker", "samples\MicroServices\NBB.Invoices.FSharp\NBB.Invoices.FSharp.Worker\NBB.Invoices.FSharp.Worker.fsproj", "{009CD834-1FF7-4085-B71F-90EEAA52A490}"
EndProject
Project("{6EC3EE1D-3C4E-46DD-8F32-0CC8E7565705}") = "NBB.Invoices.FSharp.Api", "samples\MicroServices\NBB.Invoices.FSharp\NBB.Invoices.FSharp.Api\NBB.Invoices.FSharp.Api.fsproj", "{6AD829F2-83F4-4A94-B4E6-72203679B2F0}"
EndProject
Project("{9A19103F-16F7-4668-BE54-9A1E7A4F7556}") = "NBB.EventStore.Effects", "src\EventStore\NBB.EventStore.Effects\NBB.EventStore.Effects.csproj", "{4937806A-AEDD-4C5F-902B-6BEE0675D83E}"
EndProject
Project("{2150E333-8FDC-42A3-9474-1A3956D46DE8}") = "Projections", "Projections", "{F9DAE019-CA73-419E-83AE-47AF6AE6D736}"
EndProject
Project("{9A19103F-16F7-4668-BE54-9A1E7A4F7556}") = "NBB.ProjectR", "src\Projections\NBB.ProjectR\NBB.ProjectR.csproj", "{051481A2-B720-48A0-A811-595FDD00AF02}"
EndProject
Project("{2150E333-8FDC-42A3-9474-1A3956D46DE8}") = "Projections", "Projections", "{7665D483-5A83-4E03-B8D6-77C7A1784867}"
EndProject
Project("{9A19103F-16F7-4668-BE54-9A1E7A4F7556}") = "NBB.ProjectR.Tests", "test\UnitTests\Projections\NBB.ProjectR.Tests\NBB.ProjectR.Tests.csproj", "{DEE1C2A9-6787-4101-9D64-9614BBA470D1}"
EndProject
Project("{2150E333-8FDC-42A3-9474-1A3956D46DE8}") = "workflows", "workflows", "{E7A719C2-1F6B-47DB-9708-3313EB2DBB4F}"
	ProjectSection(SolutionItems) = preProject
		.github\workflows\ci.yml = .github\workflows\ci.yml
		.github\workflows\release-drafter.yml = .github\workflows\release-drafter.yml
		.github\workflows\release.yml = .github\workflows\release.yml
	EndProjectSection
EndProject
Project("{9A19103F-16F7-4668-BE54-9A1E7A4F7556}") = "NBB.Messaging.Rusi", "src\Messaging\NBB.Messaging.Rusi\NBB.Messaging.Rusi.csproj", "{7E449958-2939-473F-9713-2AB80CA020B7}"
EndProject
Project("{9A19103F-16F7-4668-BE54-9A1E7A4F7556}") = "NBB.Messaging.Rusi.Tests", "test\UnitTests\Messaging\NBB.Messaging.Rusi.Tests\NBB.Messaging.Rusi.Tests.csproj", "{2E1525F5-9FF4-47C0-94C1-2BA295A5AD20}"
EndProject
Project("{9A19103F-16F7-4668-BE54-9A1E7A4F7556}") = "NBB.Messaging.Noop", "src\Messaging\NBB.Messaging.Noop\NBB.Messaging.Noop.csproj", "{A53CE5F4-841F-40E3-A079-22C583509D6E}"
EndProject
Project("{9A19103F-16F7-4668-BE54-9A1E7A4F7556}") = "NBB.MultiTenancy.Abstractions.Tests", "test\UnitTests\MultiTenancy\NBB.MultiTenancy.Configuration.Tests\NBB.MultiTenancy.Abstractions.Tests.csproj", "{CEE3FAE5-2E96-4318-9A4D-7FAAC529CB08}"
EndProject
Project("{9A19103F-16F7-4668-BE54-9A1E7A4F7556}") = "NBB.EventStore.AdoNet.Tests", "test\UnitTests\EventStore\NBB.EventStore.AdoNet.Tests\NBB.EventStore.AdoNet.Tests.csproj", "{C3F79479-1011-4ECB-8876-81B81CA2457B}"
EndProject
Project("{9A19103F-16F7-4668-BE54-9A1E7A4F7556}") = "NBB.Tools.Serilog.Enrichers.ServiceIdentifier", "src\Tools\Serilog\NBB.Tools.Serilog.Enrichers.ServiceIdentifier\NBB.Tools.Serilog.Enrichers.ServiceIdentifier.csproj", "{EE64CE9C-7A9C-4832-B9CD-00106CFA620C}"
EndProject
Project("{2150E333-8FDC-42A3-9474-1A3956D46DE8}") = "Tools", "Tools", "{2177F9CE-CD18-4D61-8DAE-0E27D3C44AB3}"
EndProject
Project("{9A19103F-16F7-4668-BE54-9A1E7A4F7556}") = "NBB.Tools.Serilog.Enrichers.ServiceIdentifier.Tests", "test\UnitTests\Tools\NBB.Tools.Serilog.Enrichers.ServiceIdentifier.Tests\NBB.Tools.Serilog.Enrichers.ServiceIdentifier.Tests.csproj", "{E2F3DA74-E8BB-492B-877C-24E781C4FB1F}"
EndProject
Project("{9A19103F-16F7-4668-BE54-9A1E7A4F7556}") = "NBB.Tools.Serilog.Enrichers.TenantId", "src\Tools\Serilog\NBB.Tools.Serilog.Enrichers.TenantId\NBB.Tools.Serilog.Enrichers.TenantId.csproj", "{C964F164-C8BF-487A-9D24-5E169A7E950F}"
EndProject
Project("{9A19103F-16F7-4668-BE54-9A1E7A4F7556}") = "NBB.Tools.Serilog.Enrichers.TenantId.Tests", "test\UnitTests\Tools\NBB.Tools.Serilog.Enrichers.TenantId.Tests\NBB.Tools.Serilog.Enrichers.TenantId.Tests.csproj", "{81E535EC-ACB5-4EE4-A173-06983B40F80F}"
EndProject
Project("{2150E333-8FDC-42A3-9474-1A3956D46DE8}") = "Serilog", "Serilog", "{33AEB049-EC66-4728-9B22-CC0F282D3E73}"
	ProjectSection(SolutionItems) = preProject
		src\Tools\Serilog\README.md = src\Tools\Serilog\README.md
	EndProjectSection
EndProject
Project("{FAE04EC0-301F-11D3-BF4B-00C04F79EFBC}") = "NBB.Core.Configuration", "src\Core\NBB.Core.Configuration\NBB.Core.Configuration.csproj", "{2C7CA0BD-98AD-4CC1-B496-94ED49636466}"
EndProject
Project("{FAE04EC0-301F-11D3-BF4B-00C04F79EFBC}") = "NBB.Core.Configuration.Tests", "test\UnitTests\Core\NBB.Core.Configuration.Tests\NBB.Core.Configuration.Tests.csproj", "{2A91E54D-F63C-4E92-9A6D-F15C7C55B0D7}"
EndProject
Global
	GlobalSection(SolutionConfigurationPlatforms) = preSolution
		Debug|Any CPU = Debug|Any CPU
		Release|Any CPU = Release|Any CPU
	EndGlobalSection
	GlobalSection(ProjectConfigurationPlatforms) = postSolution
		{2D956C4C-140C-4C4B-8975-43F82EBC06B6}.Debug|Any CPU.ActiveCfg = Debug|Any CPU
		{2D956C4C-140C-4C4B-8975-43F82EBC06B6}.Debug|Any CPU.Build.0 = Debug|Any CPU
		{2D956C4C-140C-4C4B-8975-43F82EBC06B6}.Release|Any CPU.ActiveCfg = Release|Any CPU
		{2D956C4C-140C-4C4B-8975-43F82EBC06B6}.Release|Any CPU.Build.0 = Release|Any CPU
		{5EDA8FDA-2639-464F-A835-97006BDB8C4F}.Debug|Any CPU.ActiveCfg = Debug|Any CPU
		{5EDA8FDA-2639-464F-A835-97006BDB8C4F}.Debug|Any CPU.Build.0 = Debug|Any CPU
		{5EDA8FDA-2639-464F-A835-97006BDB8C4F}.Release|Any CPU.ActiveCfg = Release|Any CPU
		{5EDA8FDA-2639-464F-A835-97006BDB8C4F}.Release|Any CPU.Build.0 = Release|Any CPU
		{52D658B6-C557-43AB-8886-1EE9DE1D1E37}.Debug|Any CPU.ActiveCfg = Debug|Any CPU
		{52D658B6-C557-43AB-8886-1EE9DE1D1E37}.Debug|Any CPU.Build.0 = Debug|Any CPU
		{52D658B6-C557-43AB-8886-1EE9DE1D1E37}.Release|Any CPU.ActiveCfg = Release|Any CPU
		{52D658B6-C557-43AB-8886-1EE9DE1D1E37}.Release|Any CPU.Build.0 = Release|Any CPU
		{1A95D3B0-34AA-4F89-8667-B09E0CE2CBC8}.Debug|Any CPU.ActiveCfg = Debug|Any CPU
		{1A95D3B0-34AA-4F89-8667-B09E0CE2CBC8}.Debug|Any CPU.Build.0 = Debug|Any CPU
		{1A95D3B0-34AA-4F89-8667-B09E0CE2CBC8}.Release|Any CPU.ActiveCfg = Release|Any CPU
		{1A95D3B0-34AA-4F89-8667-B09E0CE2CBC8}.Release|Any CPU.Build.0 = Release|Any CPU
		{AA00FED4-B9D1-4E7E-A06B-4A9403BFF7FF}.Debug|Any CPU.ActiveCfg = Debug|Any CPU
		{AA00FED4-B9D1-4E7E-A06B-4A9403BFF7FF}.Debug|Any CPU.Build.0 = Debug|Any CPU
		{AA00FED4-B9D1-4E7E-A06B-4A9403BFF7FF}.Release|Any CPU.ActiveCfg = Release|Any CPU
		{AA00FED4-B9D1-4E7E-A06B-4A9403BFF7FF}.Release|Any CPU.Build.0 = Release|Any CPU
		{3A9676F0-9B5E-44DB-99A5-644200971512}.Debug|Any CPU.ActiveCfg = Debug|Any CPU
		{3A9676F0-9B5E-44DB-99A5-644200971512}.Debug|Any CPU.Build.0 = Debug|Any CPU
		{3A9676F0-9B5E-44DB-99A5-644200971512}.Release|Any CPU.ActiveCfg = Release|Any CPU
		{3A9676F0-9B5E-44DB-99A5-644200971512}.Release|Any CPU.Build.0 = Release|Any CPU
		{A7BFF1C7-8E38-4168-B1EE-12D1453D941E}.Debug|Any CPU.ActiveCfg = Debug|Any CPU
		{A7BFF1C7-8E38-4168-B1EE-12D1453D941E}.Debug|Any CPU.Build.0 = Debug|Any CPU
		{A7BFF1C7-8E38-4168-B1EE-12D1453D941E}.Release|Any CPU.ActiveCfg = Release|Any CPU
		{A7BFF1C7-8E38-4168-B1EE-12D1453D941E}.Release|Any CPU.Build.0 = Release|Any CPU
		{2D8F6137-448A-47FE-8E2D-75202A390CA0}.Debug|Any CPU.ActiveCfg = Debug|Any CPU
		{2D8F6137-448A-47FE-8E2D-75202A390CA0}.Debug|Any CPU.Build.0 = Debug|Any CPU
		{2D8F6137-448A-47FE-8E2D-75202A390CA0}.Release|Any CPU.ActiveCfg = Release|Any CPU
		{2D8F6137-448A-47FE-8E2D-75202A390CA0}.Release|Any CPU.Build.0 = Release|Any CPU
		{DB46AB1F-F68F-4922-9991-377C03FBFE15}.Debug|Any CPU.ActiveCfg = Debug|Any CPU
		{DB46AB1F-F68F-4922-9991-377C03FBFE15}.Debug|Any CPU.Build.0 = Debug|Any CPU
		{DB46AB1F-F68F-4922-9991-377C03FBFE15}.Release|Any CPU.ActiveCfg = Release|Any CPU
		{DB46AB1F-F68F-4922-9991-377C03FBFE15}.Release|Any CPU.Build.0 = Release|Any CPU
		{F0916D86-EB15-47BF-A3ED-321663C6E642}.Debug|Any CPU.ActiveCfg = Debug|Any CPU
		{F0916D86-EB15-47BF-A3ED-321663C6E642}.Debug|Any CPU.Build.0 = Debug|Any CPU
		{F0916D86-EB15-47BF-A3ED-321663C6E642}.Release|Any CPU.ActiveCfg = Release|Any CPU
		{F0916D86-EB15-47BF-A3ED-321663C6E642}.Release|Any CPU.Build.0 = Release|Any CPU
		{9A2D4D91-32A7-45D6-8671-8D3D2EEDF77C}.Debug|Any CPU.ActiveCfg = Debug|Any CPU
		{9A2D4D91-32A7-45D6-8671-8D3D2EEDF77C}.Debug|Any CPU.Build.0 = Debug|Any CPU
		{9A2D4D91-32A7-45D6-8671-8D3D2EEDF77C}.Release|Any CPU.ActiveCfg = Release|Any CPU
		{9A2D4D91-32A7-45D6-8671-8D3D2EEDF77C}.Release|Any CPU.Build.0 = Release|Any CPU
		{49EC2E4F-38DA-4267-A68D-3D35E3C0BAE1}.Debug|Any CPU.ActiveCfg = Debug|Any CPU
		{49EC2E4F-38DA-4267-A68D-3D35E3C0BAE1}.Debug|Any CPU.Build.0 = Debug|Any CPU
		{49EC2E4F-38DA-4267-A68D-3D35E3C0BAE1}.Release|Any CPU.ActiveCfg = Release|Any CPU
		{49EC2E4F-38DA-4267-A68D-3D35E3C0BAE1}.Release|Any CPU.Build.0 = Release|Any CPU
		{7511CC31-1B47-4BB6-A2FE-1102B1C3DA60}.Debug|Any CPU.ActiveCfg = Debug|Any CPU
		{7511CC31-1B47-4BB6-A2FE-1102B1C3DA60}.Debug|Any CPU.Build.0 = Debug|Any CPU
		{7511CC31-1B47-4BB6-A2FE-1102B1C3DA60}.Release|Any CPU.ActiveCfg = Release|Any CPU
		{7511CC31-1B47-4BB6-A2FE-1102B1C3DA60}.Release|Any CPU.Build.0 = Release|Any CPU
		{BAC86D87-C77C-4208-8A32-B9AE93050DFA}.Debug|Any CPU.ActiveCfg = Debug|Any CPU
		{BAC86D87-C77C-4208-8A32-B9AE93050DFA}.Debug|Any CPU.Build.0 = Debug|Any CPU
		{BAC86D87-C77C-4208-8A32-B9AE93050DFA}.Release|Any CPU.ActiveCfg = Release|Any CPU
		{BAC86D87-C77C-4208-8A32-B9AE93050DFA}.Release|Any CPU.Build.0 = Release|Any CPU
		{14BD4641-7BEB-4004-9990-8D8E63AEE388}.Debug|Any CPU.ActiveCfg = Debug|Any CPU
		{14BD4641-7BEB-4004-9990-8D8E63AEE388}.Debug|Any CPU.Build.0 = Debug|Any CPU
		{14BD4641-7BEB-4004-9990-8D8E63AEE388}.Release|Any CPU.ActiveCfg = Release|Any CPU
		{14BD4641-7BEB-4004-9990-8D8E63AEE388}.Release|Any CPU.Build.0 = Release|Any CPU
		{F9112BDB-88F0-4199-99F3-5D1EB1BDFB8C}.Debug|Any CPU.ActiveCfg = Debug|Any CPU
		{F9112BDB-88F0-4199-99F3-5D1EB1BDFB8C}.Debug|Any CPU.Build.0 = Debug|Any CPU
		{F9112BDB-88F0-4199-99F3-5D1EB1BDFB8C}.Release|Any CPU.ActiveCfg = Release|Any CPU
		{F9112BDB-88F0-4199-99F3-5D1EB1BDFB8C}.Release|Any CPU.Build.0 = Release|Any CPU
		{FF450F12-2003-45E1-91AE-8DE68BDB1EC9}.Debug|Any CPU.ActiveCfg = Debug|Any CPU
		{FF450F12-2003-45E1-91AE-8DE68BDB1EC9}.Debug|Any CPU.Build.0 = Debug|Any CPU
		{FF450F12-2003-45E1-91AE-8DE68BDB1EC9}.Release|Any CPU.ActiveCfg = Release|Any CPU
		{FF450F12-2003-45E1-91AE-8DE68BDB1EC9}.Release|Any CPU.Build.0 = Release|Any CPU
		{4FCEEB60-86FD-4176-8DAE-66F5A84B43C5}.Debug|Any CPU.ActiveCfg = Debug|Any CPU
		{4FCEEB60-86FD-4176-8DAE-66F5A84B43C5}.Debug|Any CPU.Build.0 = Debug|Any CPU
		{4FCEEB60-86FD-4176-8DAE-66F5A84B43C5}.Release|Any CPU.ActiveCfg = Release|Any CPU
		{4FCEEB60-86FD-4176-8DAE-66F5A84B43C5}.Release|Any CPU.Build.0 = Release|Any CPU
		{8550BCBA-F446-4367-94CA-9B7C425B5900}.Debug|Any CPU.ActiveCfg = Debug|Any CPU
		{8550BCBA-F446-4367-94CA-9B7C425B5900}.Debug|Any CPU.Build.0 = Debug|Any CPU
		{8550BCBA-F446-4367-94CA-9B7C425B5900}.Release|Any CPU.ActiveCfg = Release|Any CPU
		{8550BCBA-F446-4367-94CA-9B7C425B5900}.Release|Any CPU.Build.0 = Release|Any CPU
		{AF40EDA6-79C0-4156-87F1-03EC71092814}.Debug|Any CPU.ActiveCfg = Debug|Any CPU
		{AF40EDA6-79C0-4156-87F1-03EC71092814}.Debug|Any CPU.Build.0 = Debug|Any CPU
		{AF40EDA6-79C0-4156-87F1-03EC71092814}.Release|Any CPU.ActiveCfg = Release|Any CPU
		{AF40EDA6-79C0-4156-87F1-03EC71092814}.Release|Any CPU.Build.0 = Release|Any CPU
		{1505031E-3FA8-4C62-91EC-EE854649B559}.Debug|Any CPU.ActiveCfg = Debug|Any CPU
		{1505031E-3FA8-4C62-91EC-EE854649B559}.Debug|Any CPU.Build.0 = Debug|Any CPU
		{1505031E-3FA8-4C62-91EC-EE854649B559}.Release|Any CPU.ActiveCfg = Release|Any CPU
		{1505031E-3FA8-4C62-91EC-EE854649B559}.Release|Any CPU.Build.0 = Release|Any CPU
		{59D4A324-E49E-498D-B978-1620BA316FB0}.Debug|Any CPU.ActiveCfg = Debug|Any CPU
		{59D4A324-E49E-498D-B978-1620BA316FB0}.Debug|Any CPU.Build.0 = Debug|Any CPU
		{59D4A324-E49E-498D-B978-1620BA316FB0}.Release|Any CPU.ActiveCfg = Release|Any CPU
		{59D4A324-E49E-498D-B978-1620BA316FB0}.Release|Any CPU.Build.0 = Release|Any CPU
		{293DA21D-2AAD-46E6-987F-48F45B5A86BE}.Debug|Any CPU.ActiveCfg = Debug|Any CPU
		{293DA21D-2AAD-46E6-987F-48F45B5A86BE}.Debug|Any CPU.Build.0 = Debug|Any CPU
		{293DA21D-2AAD-46E6-987F-48F45B5A86BE}.Release|Any CPU.ActiveCfg = Release|Any CPU
		{293DA21D-2AAD-46E6-987F-48F45B5A86BE}.Release|Any CPU.Build.0 = Release|Any CPU
		{5350CA03-5BED-4E99-B082-3E97E57FA823}.Debug|Any CPU.ActiveCfg = Debug|Any CPU
		{5350CA03-5BED-4E99-B082-3E97E57FA823}.Debug|Any CPU.Build.0 = Debug|Any CPU
		{5350CA03-5BED-4E99-B082-3E97E57FA823}.Release|Any CPU.ActiveCfg = Release|Any CPU
		{5350CA03-5BED-4E99-B082-3E97E57FA823}.Release|Any CPU.Build.0 = Release|Any CPU
		{E3C793D0-F5C5-4E0C-9B72-48C9B16A3CC4}.Debug|Any CPU.ActiveCfg = Debug|Any CPU
		{E3C793D0-F5C5-4E0C-9B72-48C9B16A3CC4}.Debug|Any CPU.Build.0 = Debug|Any CPU
		{E3C793D0-F5C5-4E0C-9B72-48C9B16A3CC4}.Release|Any CPU.ActiveCfg = Release|Any CPU
		{E3C793D0-F5C5-4E0C-9B72-48C9B16A3CC4}.Release|Any CPU.Build.0 = Release|Any CPU
		{45B7B244-6AC4-41E4-8CA9-269DDC3C5835}.Debug|Any CPU.ActiveCfg = Debug|Any CPU
		{45B7B244-6AC4-41E4-8CA9-269DDC3C5835}.Debug|Any CPU.Build.0 = Debug|Any CPU
		{45B7B244-6AC4-41E4-8CA9-269DDC3C5835}.Release|Any CPU.ActiveCfg = Release|Any CPU
		{45B7B244-6AC4-41E4-8CA9-269DDC3C5835}.Release|Any CPU.Build.0 = Release|Any CPU
		{D90FF66E-13B2-4541-9794-10005B207F8E}.Debug|Any CPU.ActiveCfg = Debug|Any CPU
		{D90FF66E-13B2-4541-9794-10005B207F8E}.Debug|Any CPU.Build.0 = Debug|Any CPU
		{D90FF66E-13B2-4541-9794-10005B207F8E}.Release|Any CPU.ActiveCfg = Release|Any CPU
		{D90FF66E-13B2-4541-9794-10005B207F8E}.Release|Any CPU.Build.0 = Release|Any CPU
		{A3AD803D-EE27-40F7-A835-DA1BD5C7BD49}.Debug|Any CPU.ActiveCfg = Debug|Any CPU
		{A3AD803D-EE27-40F7-A835-DA1BD5C7BD49}.Debug|Any CPU.Build.0 = Debug|Any CPU
		{A3AD803D-EE27-40F7-A835-DA1BD5C7BD49}.Release|Any CPU.ActiveCfg = Release|Any CPU
		{A3AD803D-EE27-40F7-A835-DA1BD5C7BD49}.Release|Any CPU.Build.0 = Release|Any CPU
		{50F9866B-D6A0-46D1-AAF2-36244698400F}.Debug|Any CPU.ActiveCfg = Debug|Any CPU
		{50F9866B-D6A0-46D1-AAF2-36244698400F}.Debug|Any CPU.Build.0 = Debug|Any CPU
		{50F9866B-D6A0-46D1-AAF2-36244698400F}.Release|Any CPU.ActiveCfg = Release|Any CPU
		{50F9866B-D6A0-46D1-AAF2-36244698400F}.Release|Any CPU.Build.0 = Release|Any CPU
		{0F083FAE-6716-4CA8-8003-252067B2FBF6}.Debug|Any CPU.ActiveCfg = Debug|Any CPU
		{0F083FAE-6716-4CA8-8003-252067B2FBF6}.Debug|Any CPU.Build.0 = Debug|Any CPU
		{0F083FAE-6716-4CA8-8003-252067B2FBF6}.Release|Any CPU.ActiveCfg = Release|Any CPU
		{0F083FAE-6716-4CA8-8003-252067B2FBF6}.Release|Any CPU.Build.0 = Release|Any CPU
		{5169916E-092C-431A-8577-50F2713C10CB}.Debug|Any CPU.ActiveCfg = Debug|Any CPU
		{5169916E-092C-431A-8577-50F2713C10CB}.Debug|Any CPU.Build.0 = Debug|Any CPU
		{5169916E-092C-431A-8577-50F2713C10CB}.Release|Any CPU.ActiveCfg = Release|Any CPU
		{5169916E-092C-431A-8577-50F2713C10CB}.Release|Any CPU.Build.0 = Release|Any CPU
		{2F591414-63E0-4CD8-AA1E-11132CC20EA9}.Debug|Any CPU.ActiveCfg = Debug|Any CPU
		{2F591414-63E0-4CD8-AA1E-11132CC20EA9}.Debug|Any CPU.Build.0 = Debug|Any CPU
		{2F591414-63E0-4CD8-AA1E-11132CC20EA9}.Release|Any CPU.ActiveCfg = Release|Any CPU
		{2F591414-63E0-4CD8-AA1E-11132CC20EA9}.Release|Any CPU.Build.0 = Release|Any CPU
		{7197E4CE-120D-4601-AA8B-F65B8DB2E883}.Debug|Any CPU.ActiveCfg = Debug|Any CPU
		{7197E4CE-120D-4601-AA8B-F65B8DB2E883}.Debug|Any CPU.Build.0 = Debug|Any CPU
		{7197E4CE-120D-4601-AA8B-F65B8DB2E883}.Release|Any CPU.ActiveCfg = Release|Any CPU
		{7197E4CE-120D-4601-AA8B-F65B8DB2E883}.Release|Any CPU.Build.0 = Release|Any CPU
		{DD1FF81B-107E-4874-BD37-6E84EAD78EDD}.Debug|Any CPU.ActiveCfg = Debug|Any CPU
		{DD1FF81B-107E-4874-BD37-6E84EAD78EDD}.Debug|Any CPU.Build.0 = Debug|Any CPU
		{DD1FF81B-107E-4874-BD37-6E84EAD78EDD}.Release|Any CPU.ActiveCfg = Release|Any CPU
		{DD1FF81B-107E-4874-BD37-6E84EAD78EDD}.Release|Any CPU.Build.0 = Release|Any CPU
		{A648A670-0A7B-49BC-8017-E3462A89916D}.Debug|Any CPU.ActiveCfg = Debug|Any CPU
		{A648A670-0A7B-49BC-8017-E3462A89916D}.Debug|Any CPU.Build.0 = Debug|Any CPU
		{A648A670-0A7B-49BC-8017-E3462A89916D}.Release|Any CPU.ActiveCfg = Release|Any CPU
		{A648A670-0A7B-49BC-8017-E3462A89916D}.Release|Any CPU.Build.0 = Release|Any CPU
		{25A21016-7DF7-4884-9241-AC21D7D35ABE}.Debug|Any CPU.ActiveCfg = Debug|Any CPU
		{25A21016-7DF7-4884-9241-AC21D7D35ABE}.Debug|Any CPU.Build.0 = Debug|Any CPU
		{25A21016-7DF7-4884-9241-AC21D7D35ABE}.Release|Any CPU.ActiveCfg = Release|Any CPU
		{25A21016-7DF7-4884-9241-AC21D7D35ABE}.Release|Any CPU.Build.0 = Release|Any CPU
		{3C1C5EBB-A1C4-4B27-A3B2-C99DF646273E}.Debug|Any CPU.ActiveCfg = Debug|Any CPU
		{3C1C5EBB-A1C4-4B27-A3B2-C99DF646273E}.Debug|Any CPU.Build.0 = Debug|Any CPU
		{3C1C5EBB-A1C4-4B27-A3B2-C99DF646273E}.Release|Any CPU.ActiveCfg = Release|Any CPU
		{3C1C5EBB-A1C4-4B27-A3B2-C99DF646273E}.Release|Any CPU.Build.0 = Release|Any CPU
		{65743F60-F511-41E1-959B-D29FA3DB404D}.Debug|Any CPU.ActiveCfg = Debug|Any CPU
		{65743F60-F511-41E1-959B-D29FA3DB404D}.Debug|Any CPU.Build.0 = Debug|Any CPU
		{65743F60-F511-41E1-959B-D29FA3DB404D}.Release|Any CPU.ActiveCfg = Release|Any CPU
		{65743F60-F511-41E1-959B-D29FA3DB404D}.Release|Any CPU.Build.0 = Release|Any CPU
		{34A864A3-C25C-4DFA-BCE8-173F72B572A3}.Debug|Any CPU.ActiveCfg = Debug|Any CPU
		{34A864A3-C25C-4DFA-BCE8-173F72B572A3}.Debug|Any CPU.Build.0 = Debug|Any CPU
		{34A864A3-C25C-4DFA-BCE8-173F72B572A3}.Release|Any CPU.ActiveCfg = Release|Any CPU
		{34A864A3-C25C-4DFA-BCE8-173F72B572A3}.Release|Any CPU.Build.0 = Release|Any CPU
		{5104F8FE-CF32-4B6A-93FB-B6A651FB9444}.Debug|Any CPU.ActiveCfg = Debug|Any CPU
		{5104F8FE-CF32-4B6A-93FB-B6A651FB9444}.Debug|Any CPU.Build.0 = Debug|Any CPU
		{5104F8FE-CF32-4B6A-93FB-B6A651FB9444}.Release|Any CPU.ActiveCfg = Release|Any CPU
		{5104F8FE-CF32-4B6A-93FB-B6A651FB9444}.Release|Any CPU.Build.0 = Release|Any CPU
		{2E99F025-BDC0-430E-AD2A-C81141AC2BCA}.Debug|Any CPU.ActiveCfg = Debug|Any CPU
		{2E99F025-BDC0-430E-AD2A-C81141AC2BCA}.Debug|Any CPU.Build.0 = Debug|Any CPU
		{2E99F025-BDC0-430E-AD2A-C81141AC2BCA}.Release|Any CPU.ActiveCfg = Release|Any CPU
		{2E99F025-BDC0-430E-AD2A-C81141AC2BCA}.Release|Any CPU.Build.0 = Release|Any CPU
		{88B831EC-0DFE-40D7-9449-C4BDAE5B5512}.Debug|Any CPU.ActiveCfg = Debug|Any CPU
		{88B831EC-0DFE-40D7-9449-C4BDAE5B5512}.Debug|Any CPU.Build.0 = Debug|Any CPU
		{88B831EC-0DFE-40D7-9449-C4BDAE5B5512}.Release|Any CPU.ActiveCfg = Release|Any CPU
		{88B831EC-0DFE-40D7-9449-C4BDAE5B5512}.Release|Any CPU.Build.0 = Release|Any CPU
		{FC77C6B6-EAB3-4CC0-8BB0-535BC4CB2C5B}.Debug|Any CPU.ActiveCfg = Debug|Any CPU
		{FC77C6B6-EAB3-4CC0-8BB0-535BC4CB2C5B}.Debug|Any CPU.Build.0 = Debug|Any CPU
		{FC77C6B6-EAB3-4CC0-8BB0-535BC4CB2C5B}.Release|Any CPU.ActiveCfg = Release|Any CPU
		{FC77C6B6-EAB3-4CC0-8BB0-535BC4CB2C5B}.Release|Any CPU.Build.0 = Release|Any CPU
		{FA224C96-29E2-45F8-9CB9-B61636664F06}.Debug|Any CPU.ActiveCfg = Debug|Any CPU
		{FA224C96-29E2-45F8-9CB9-B61636664F06}.Debug|Any CPU.Build.0 = Debug|Any CPU
		{FA224C96-29E2-45F8-9CB9-B61636664F06}.Release|Any CPU.ActiveCfg = Release|Any CPU
		{FA224C96-29E2-45F8-9CB9-B61636664F06}.Release|Any CPU.Build.0 = Release|Any CPU
		{22EF0C6F-7C04-47F8-8D65-3CECC772C95A}.Debug|Any CPU.ActiveCfg = Debug|Any CPU
		{22EF0C6F-7C04-47F8-8D65-3CECC772C95A}.Debug|Any CPU.Build.0 = Debug|Any CPU
		{22EF0C6F-7C04-47F8-8D65-3CECC772C95A}.Release|Any CPU.ActiveCfg = Release|Any CPU
		{22EF0C6F-7C04-47F8-8D65-3CECC772C95A}.Release|Any CPU.Build.0 = Release|Any CPU
		{4569E00B-D010-460B-BCFD-6E56832CB2A0}.Debug|Any CPU.ActiveCfg = Debug|Any CPU
		{4569E00B-D010-460B-BCFD-6E56832CB2A0}.Debug|Any CPU.Build.0 = Debug|Any CPU
		{4569E00B-D010-460B-BCFD-6E56832CB2A0}.Release|Any CPU.ActiveCfg = Release|Any CPU
		{4569E00B-D010-460B-BCFD-6E56832CB2A0}.Release|Any CPU.Build.0 = Release|Any CPU
		{9C0F71FC-16A0-401E-B479-D9458CBC95D7}.Debug|Any CPU.ActiveCfg = Debug|Any CPU
		{9C0F71FC-16A0-401E-B479-D9458CBC95D7}.Debug|Any CPU.Build.0 = Debug|Any CPU
		{9C0F71FC-16A0-401E-B479-D9458CBC95D7}.Release|Any CPU.ActiveCfg = Release|Any CPU
		{9C0F71FC-16A0-401E-B479-D9458CBC95D7}.Release|Any CPU.Build.0 = Release|Any CPU
		{CD7A26D8-B0F4-4BAE-8654-5F359495E592}.Debug|Any CPU.ActiveCfg = Debug|Any CPU
		{CD7A26D8-B0F4-4BAE-8654-5F359495E592}.Debug|Any CPU.Build.0 = Debug|Any CPU
		{CD7A26D8-B0F4-4BAE-8654-5F359495E592}.Release|Any CPU.ActiveCfg = Release|Any CPU
		{CD7A26D8-B0F4-4BAE-8654-5F359495E592}.Release|Any CPU.Build.0 = Release|Any CPU
		{7BFB09B3-B537-4D77-87D0-F2C6D722DB38}.Debug|Any CPU.ActiveCfg = Debug|Any CPU
		{7BFB09B3-B537-4D77-87D0-F2C6D722DB38}.Debug|Any CPU.Build.0 = Debug|Any CPU
		{7BFB09B3-B537-4D77-87D0-F2C6D722DB38}.Release|Any CPU.ActiveCfg = Release|Any CPU
		{7BFB09B3-B537-4D77-87D0-F2C6D722DB38}.Release|Any CPU.Build.0 = Release|Any CPU
		{CCD72C53-E7A9-4E1E-9FC4-AE53D96CDEF3}.Debug|Any CPU.ActiveCfg = Debug|Any CPU
		{CCD72C53-E7A9-4E1E-9FC4-AE53D96CDEF3}.Debug|Any CPU.Build.0 = Debug|Any CPU
		{CCD72C53-E7A9-4E1E-9FC4-AE53D96CDEF3}.Release|Any CPU.ActiveCfg = Release|Any CPU
		{CCD72C53-E7A9-4E1E-9FC4-AE53D96CDEF3}.Release|Any CPU.Build.0 = Release|Any CPU
		{AA04B90E-5182-413C-BF93-1D48AB8286D9}.Debug|Any CPU.ActiveCfg = Debug|Any CPU
		{AA04B90E-5182-413C-BF93-1D48AB8286D9}.Debug|Any CPU.Build.0 = Debug|Any CPU
		{AA04B90E-5182-413C-BF93-1D48AB8286D9}.Release|Any CPU.ActiveCfg = Release|Any CPU
		{AA04B90E-5182-413C-BF93-1D48AB8286D9}.Release|Any CPU.Build.0 = Release|Any CPU
		{329C3A29-B023-478C-9D73-91621B101F81}.Debug|Any CPU.ActiveCfg = Debug|Any CPU
		{329C3A29-B023-478C-9D73-91621B101F81}.Debug|Any CPU.Build.0 = Debug|Any CPU
		{329C3A29-B023-478C-9D73-91621B101F81}.Release|Any CPU.ActiveCfg = Release|Any CPU
		{329C3A29-B023-478C-9D73-91621B101F81}.Release|Any CPU.Build.0 = Release|Any CPU
		{4B368840-DA86-48FA-969D-A086F016BB7A}.Debug|Any CPU.ActiveCfg = Debug|Any CPU
		{4B368840-DA86-48FA-969D-A086F016BB7A}.Debug|Any CPU.Build.0 = Debug|Any CPU
		{4B368840-DA86-48FA-969D-A086F016BB7A}.Release|Any CPU.ActiveCfg = Release|Any CPU
		{4B368840-DA86-48FA-969D-A086F016BB7A}.Release|Any CPU.Build.0 = Release|Any CPU
		{B15B9803-EB9D-4BA2-9B09-ACAE8F11252D}.Debug|Any CPU.ActiveCfg = Debug|Any CPU
		{B15B9803-EB9D-4BA2-9B09-ACAE8F11252D}.Debug|Any CPU.Build.0 = Debug|Any CPU
		{B15B9803-EB9D-4BA2-9B09-ACAE8F11252D}.Release|Any CPU.ActiveCfg = Release|Any CPU
		{B15B9803-EB9D-4BA2-9B09-ACAE8F11252D}.Release|Any CPU.Build.0 = Release|Any CPU
		{D4F5F69C-9A9F-425C-8DBA-B8053AE506B5}.Debug|Any CPU.ActiveCfg = Debug|Any CPU
		{D4F5F69C-9A9F-425C-8DBA-B8053AE506B5}.Debug|Any CPU.Build.0 = Debug|Any CPU
		{D4F5F69C-9A9F-425C-8DBA-B8053AE506B5}.Release|Any CPU.ActiveCfg = Release|Any CPU
		{D4F5F69C-9A9F-425C-8DBA-B8053AE506B5}.Release|Any CPU.Build.0 = Release|Any CPU
		{E6C9D6ED-2405-45C6-898A-EE7CE9D7D5B2}.Debug|Any CPU.ActiveCfg = Debug|Any CPU
		{E6C9D6ED-2405-45C6-898A-EE7CE9D7D5B2}.Debug|Any CPU.Build.0 = Debug|Any CPU
		{E6C9D6ED-2405-45C6-898A-EE7CE9D7D5B2}.Release|Any CPU.ActiveCfg = Release|Any CPU
		{E6C9D6ED-2405-45C6-898A-EE7CE9D7D5B2}.Release|Any CPU.Build.0 = Release|Any CPU
		{0058E23D-59A0-422F-826B-F3027BFC6738}.Debug|Any CPU.ActiveCfg = Debug|Any CPU
		{0058E23D-59A0-422F-826B-F3027BFC6738}.Debug|Any CPU.Build.0 = Debug|Any CPU
		{0058E23D-59A0-422F-826B-F3027BFC6738}.Release|Any CPU.ActiveCfg = Release|Any CPU
		{0058E23D-59A0-422F-826B-F3027BFC6738}.Release|Any CPU.Build.0 = Release|Any CPU
		{CA5AE5D5-C5E6-4CE6-85FB-27A560BE065C}.Debug|Any CPU.ActiveCfg = Debug|Any CPU
		{CA5AE5D5-C5E6-4CE6-85FB-27A560BE065C}.Debug|Any CPU.Build.0 = Debug|Any CPU
		{CA5AE5D5-C5E6-4CE6-85FB-27A560BE065C}.Release|Any CPU.ActiveCfg = Release|Any CPU
		{CA5AE5D5-C5E6-4CE6-85FB-27A560BE065C}.Release|Any CPU.Build.0 = Release|Any CPU
		{96D2C376-CB79-426A-9330-86EE408F638F}.Debug|Any CPU.ActiveCfg = Debug|Any CPU
		{96D2C376-CB79-426A-9330-86EE408F638F}.Debug|Any CPU.Build.0 = Debug|Any CPU
		{96D2C376-CB79-426A-9330-86EE408F638F}.Release|Any CPU.ActiveCfg = Release|Any CPU
		{96D2C376-CB79-426A-9330-86EE408F638F}.Release|Any CPU.Build.0 = Release|Any CPU
		{C1545525-773A-4A5F-9DC4-E029CD13E2ED}.Debug|Any CPU.ActiveCfg = Debug|Any CPU
		{C1545525-773A-4A5F-9DC4-E029CD13E2ED}.Debug|Any CPU.Build.0 = Debug|Any CPU
		{C1545525-773A-4A5F-9DC4-E029CD13E2ED}.Release|Any CPU.ActiveCfg = Release|Any CPU
		{C1545525-773A-4A5F-9DC4-E029CD13E2ED}.Release|Any CPU.Build.0 = Release|Any CPU
		{B7F02268-98F8-4C73-9B3A-41250835F3FD}.Debug|Any CPU.ActiveCfg = Debug|Any CPU
		{B7F02268-98F8-4C73-9B3A-41250835F3FD}.Debug|Any CPU.Build.0 = Debug|Any CPU
		{B7F02268-98F8-4C73-9B3A-41250835F3FD}.Release|Any CPU.ActiveCfg = Release|Any CPU
		{B7F02268-98F8-4C73-9B3A-41250835F3FD}.Release|Any CPU.Build.0 = Release|Any CPU
		{B5C4D462-E7AF-4146-9618-75FF242E148C}.Debug|Any CPU.ActiveCfg = Debug|Any CPU
		{B5C4D462-E7AF-4146-9618-75FF242E148C}.Debug|Any CPU.Build.0 = Debug|Any CPU
		{B5C4D462-E7AF-4146-9618-75FF242E148C}.Release|Any CPU.ActiveCfg = Release|Any CPU
		{B5C4D462-E7AF-4146-9618-75FF242E148C}.Release|Any CPU.Build.0 = Release|Any CPU
		{F442DC3C-D2E9-468F-A6E3-D639E6F5D168}.Debug|Any CPU.ActiveCfg = Debug|Any CPU
		{F442DC3C-D2E9-468F-A6E3-D639E6F5D168}.Debug|Any CPU.Build.0 = Debug|Any CPU
		{F442DC3C-D2E9-468F-A6E3-D639E6F5D168}.Release|Any CPU.ActiveCfg = Release|Any CPU
		{F442DC3C-D2E9-468F-A6E3-D639E6F5D168}.Release|Any CPU.Build.0 = Release|Any CPU
		{501EF886-EF0C-4067-BBF8-1768F2747E67}.Debug|Any CPU.ActiveCfg = Debug|Any CPU
		{501EF886-EF0C-4067-BBF8-1768F2747E67}.Debug|Any CPU.Build.0 = Debug|Any CPU
		{501EF886-EF0C-4067-BBF8-1768F2747E67}.Release|Any CPU.ActiveCfg = Release|Any CPU
		{501EF886-EF0C-4067-BBF8-1768F2747E67}.Release|Any CPU.Build.0 = Release|Any CPU
		{D11FE59A-F3FE-4A7D-85B3-252294B6447C}.Debug|Any CPU.ActiveCfg = Debug|Any CPU
		{D11FE59A-F3FE-4A7D-85B3-252294B6447C}.Debug|Any CPU.Build.0 = Debug|Any CPU
		{D11FE59A-F3FE-4A7D-85B3-252294B6447C}.Release|Any CPU.ActiveCfg = Release|Any CPU
		{D11FE59A-F3FE-4A7D-85B3-252294B6447C}.Release|Any CPU.Build.0 = Release|Any CPU
		{DB6CACB0-CDC1-47CD-B89E-BE24D9238472}.Debug|Any CPU.ActiveCfg = Debug|Any CPU
		{DB6CACB0-CDC1-47CD-B89E-BE24D9238472}.Debug|Any CPU.Build.0 = Debug|Any CPU
		{DB6CACB0-CDC1-47CD-B89E-BE24D9238472}.Release|Any CPU.ActiveCfg = Release|Any CPU
		{DB6CACB0-CDC1-47CD-B89E-BE24D9238472}.Release|Any CPU.Build.0 = Release|Any CPU
		{9799CE73-AF1F-437D-B446-820F8B9BB0E4}.Debug|Any CPU.ActiveCfg = Debug|Any CPU
		{9799CE73-AF1F-437D-B446-820F8B9BB0E4}.Debug|Any CPU.Build.0 = Debug|Any CPU
		{9799CE73-AF1F-437D-B446-820F8B9BB0E4}.Release|Any CPU.ActiveCfg = Release|Any CPU
		{9799CE73-AF1F-437D-B446-820F8B9BB0E4}.Release|Any CPU.Build.0 = Release|Any CPU
		{DFB556BD-016A-4C1D-AA53-8AF83ABBA253}.Debug|Any CPU.ActiveCfg = Debug|Any CPU
		{DFB556BD-016A-4C1D-AA53-8AF83ABBA253}.Debug|Any CPU.Build.0 = Debug|Any CPU
		{DFB556BD-016A-4C1D-AA53-8AF83ABBA253}.Release|Any CPU.ActiveCfg = Release|Any CPU
		{DFB556BD-016A-4C1D-AA53-8AF83ABBA253}.Release|Any CPU.Build.0 = Release|Any CPU
		{82F759F3-A812-41F9-B91C-1AC026715A02}.Debug|Any CPU.ActiveCfg = Debug|Any CPU
		{82F759F3-A812-41F9-B91C-1AC026715A02}.Debug|Any CPU.Build.0 = Debug|Any CPU
		{82F759F3-A812-41F9-B91C-1AC026715A02}.Release|Any CPU.ActiveCfg = Release|Any CPU
		{82F759F3-A812-41F9-B91C-1AC026715A02}.Release|Any CPU.Build.0 = Release|Any CPU
		{8A3A8F57-7457-44D8-804D-CA7B2B18F8E3}.Debug|Any CPU.ActiveCfg = Debug|Any CPU
		{8A3A8F57-7457-44D8-804D-CA7B2B18F8E3}.Debug|Any CPU.Build.0 = Debug|Any CPU
		{8A3A8F57-7457-44D8-804D-CA7B2B18F8E3}.Release|Any CPU.ActiveCfg = Release|Any CPU
		{8A3A8F57-7457-44D8-804D-CA7B2B18F8E3}.Release|Any CPU.Build.0 = Release|Any CPU
		{6A926E2D-4AA9-4D4D-97B9-06761C8CAE85}.Debug|Any CPU.ActiveCfg = Debug|Any CPU
		{6A926E2D-4AA9-4D4D-97B9-06761C8CAE85}.Debug|Any CPU.Build.0 = Debug|Any CPU
		{6A926E2D-4AA9-4D4D-97B9-06761C8CAE85}.Release|Any CPU.ActiveCfg = Release|Any CPU
		{6A926E2D-4AA9-4D4D-97B9-06761C8CAE85}.Release|Any CPU.Build.0 = Release|Any CPU
		{B9B2B7F6-9891-4380-94DE-27A94C7B6279}.Debug|Any CPU.ActiveCfg = Debug|Any CPU
		{B9B2B7F6-9891-4380-94DE-27A94C7B6279}.Debug|Any CPU.Build.0 = Debug|Any CPU
		{B9B2B7F6-9891-4380-94DE-27A94C7B6279}.Release|Any CPU.ActiveCfg = Release|Any CPU
		{B9B2B7F6-9891-4380-94DE-27A94C7B6279}.Release|Any CPU.Build.0 = Release|Any CPU
		{F9F61DA4-9D22-4731-9B23-46302DC6597E}.Debug|Any CPU.ActiveCfg = Debug|Any CPU
		{F9F61DA4-9D22-4731-9B23-46302DC6597E}.Debug|Any CPU.Build.0 = Debug|Any CPU
		{F9F61DA4-9D22-4731-9B23-46302DC6597E}.Release|Any CPU.ActiveCfg = Release|Any CPU
		{F9F61DA4-9D22-4731-9B23-46302DC6597E}.Release|Any CPU.Build.0 = Release|Any CPU
		{4AE166DE-9E9D-482B-84F6-3556AC743DEF}.Debug|Any CPU.ActiveCfg = Debug|Any CPU
		{4AE166DE-9E9D-482B-84F6-3556AC743DEF}.Debug|Any CPU.Build.0 = Debug|Any CPU
		{4AE166DE-9E9D-482B-84F6-3556AC743DEF}.Release|Any CPU.ActiveCfg = Release|Any CPU
		{4AE166DE-9E9D-482B-84F6-3556AC743DEF}.Release|Any CPU.Build.0 = Release|Any CPU
		{39812860-D4CB-4C4B-B18E-24C0AB9D8DFE}.Debug|Any CPU.ActiveCfg = Debug|Any CPU
		{39812860-D4CB-4C4B-B18E-24C0AB9D8DFE}.Debug|Any CPU.Build.0 = Debug|Any CPU
		{39812860-D4CB-4C4B-B18E-24C0AB9D8DFE}.Release|Any CPU.ActiveCfg = Release|Any CPU
		{39812860-D4CB-4C4B-B18E-24C0AB9D8DFE}.Release|Any CPU.Build.0 = Release|Any CPU
		{2D2EF9B5-2C2D-4F66-AAAB-EF9DA669DA97}.Debug|Any CPU.ActiveCfg = Debug|Any CPU
		{2D2EF9B5-2C2D-4F66-AAAB-EF9DA669DA97}.Debug|Any CPU.Build.0 = Debug|Any CPU
		{2D2EF9B5-2C2D-4F66-AAAB-EF9DA669DA97}.Release|Any CPU.ActiveCfg = Release|Any CPU
		{2D2EF9B5-2C2D-4F66-AAAB-EF9DA669DA97}.Release|Any CPU.Build.0 = Release|Any CPU
		{4AAABBA9-8EC3-4374-9F23-8F4F8B59A227}.Debug|Any CPU.ActiveCfg = Debug|Any CPU
		{4AAABBA9-8EC3-4374-9F23-8F4F8B59A227}.Debug|Any CPU.Build.0 = Debug|Any CPU
		{4AAABBA9-8EC3-4374-9F23-8F4F8B59A227}.Release|Any CPU.ActiveCfg = Release|Any CPU
		{4AAABBA9-8EC3-4374-9F23-8F4F8B59A227}.Release|Any CPU.Build.0 = Release|Any CPU
		{DB768569-2CDA-4382-84E3-D41494A22EDD}.Debug|Any CPU.ActiveCfg = Debug|Any CPU
		{DB768569-2CDA-4382-84E3-D41494A22EDD}.Debug|Any CPU.Build.0 = Debug|Any CPU
		{DB768569-2CDA-4382-84E3-D41494A22EDD}.Release|Any CPU.ActiveCfg = Release|Any CPU
		{DB768569-2CDA-4382-84E3-D41494A22EDD}.Release|Any CPU.Build.0 = Release|Any CPU
		{826D8C5A-AC92-4559-9C82-629666525D6C}.Debug|Any CPU.ActiveCfg = Debug|Any CPU
		{826D8C5A-AC92-4559-9C82-629666525D6C}.Debug|Any CPU.Build.0 = Debug|Any CPU
		{826D8C5A-AC92-4559-9C82-629666525D6C}.Release|Any CPU.ActiveCfg = Release|Any CPU
		{826D8C5A-AC92-4559-9C82-629666525D6C}.Release|Any CPU.Build.0 = Release|Any CPU
		{64275FFB-A07C-43C2-8D7F-21DDA18B1DF3}.Debug|Any CPU.ActiveCfg = Debug|Any CPU
		{64275FFB-A07C-43C2-8D7F-21DDA18B1DF3}.Debug|Any CPU.Build.0 = Debug|Any CPU
		{64275FFB-A07C-43C2-8D7F-21DDA18B1DF3}.Release|Any CPU.ActiveCfg = Release|Any CPU
		{64275FFB-A07C-43C2-8D7F-21DDA18B1DF3}.Release|Any CPU.Build.0 = Release|Any CPU
		{5EED8D24-86E1-4F9C-81F5-541A8CF892D5}.Debug|Any CPU.ActiveCfg = Debug|Any CPU
		{5EED8D24-86E1-4F9C-81F5-541A8CF892D5}.Debug|Any CPU.Build.0 = Debug|Any CPU
		{5EED8D24-86E1-4F9C-81F5-541A8CF892D5}.Release|Any CPU.ActiveCfg = Release|Any CPU
		{5EED8D24-86E1-4F9C-81F5-541A8CF892D5}.Release|Any CPU.Build.0 = Release|Any CPU
		{45ECA8AA-9AF9-430C-A73D-016FE11596FA}.Debug|Any CPU.ActiveCfg = Debug|Any CPU
		{45ECA8AA-9AF9-430C-A73D-016FE11596FA}.Debug|Any CPU.Build.0 = Debug|Any CPU
		{45ECA8AA-9AF9-430C-A73D-016FE11596FA}.Release|Any CPU.ActiveCfg = Release|Any CPU
		{45ECA8AA-9AF9-430C-A73D-016FE11596FA}.Release|Any CPU.Build.0 = Release|Any CPU
		{C2E1D2F8-EDC2-40CA-A4A4-8DE9AC97706A}.Debug|Any CPU.ActiveCfg = Debug|Any CPU
		{C2E1D2F8-EDC2-40CA-A4A4-8DE9AC97706A}.Debug|Any CPU.Build.0 = Debug|Any CPU
		{C2E1D2F8-EDC2-40CA-A4A4-8DE9AC97706A}.Release|Any CPU.ActiveCfg = Release|Any CPU
		{C2E1D2F8-EDC2-40CA-A4A4-8DE9AC97706A}.Release|Any CPU.Build.0 = Release|Any CPU
		{713919AF-8797-4EBD-B2E0-2D9BC87AD362}.Debug|Any CPU.ActiveCfg = Debug|Any CPU
		{713919AF-8797-4EBD-B2E0-2D9BC87AD362}.Debug|Any CPU.Build.0 = Debug|Any CPU
		{713919AF-8797-4EBD-B2E0-2D9BC87AD362}.Release|Any CPU.ActiveCfg = Release|Any CPU
		{713919AF-8797-4EBD-B2E0-2D9BC87AD362}.Release|Any CPU.Build.0 = Release|Any CPU
		{7B8A4CF7-520E-43E9-A7ED-5DD3EDCAB3FC}.Debug|Any CPU.ActiveCfg = Debug|Any CPU
		{7B8A4CF7-520E-43E9-A7ED-5DD3EDCAB3FC}.Debug|Any CPU.Build.0 = Debug|Any CPU
		{7B8A4CF7-520E-43E9-A7ED-5DD3EDCAB3FC}.Release|Any CPU.ActiveCfg = Release|Any CPU
		{7B8A4CF7-520E-43E9-A7ED-5DD3EDCAB3FC}.Release|Any CPU.Build.0 = Release|Any CPU
		{E305069A-E4A9-480F-94E6-9CCFC4C11F63}.Debug|Any CPU.ActiveCfg = Debug|Any CPU
		{E305069A-E4A9-480F-94E6-9CCFC4C11F63}.Debug|Any CPU.Build.0 = Debug|Any CPU
		{E305069A-E4A9-480F-94E6-9CCFC4C11F63}.Release|Any CPU.ActiveCfg = Release|Any CPU
		{E305069A-E4A9-480F-94E6-9CCFC4C11F63}.Release|Any CPU.Build.0 = Release|Any CPU
		{560D2A62-21C9-42FB-977C-7F2E66A1A529}.Debug|Any CPU.ActiveCfg = Debug|Any CPU
		{560D2A62-21C9-42FB-977C-7F2E66A1A529}.Debug|Any CPU.Build.0 = Debug|Any CPU
		{560D2A62-21C9-42FB-977C-7F2E66A1A529}.Release|Any CPU.ActiveCfg = Release|Any CPU
		{560D2A62-21C9-42FB-977C-7F2E66A1A529}.Release|Any CPU.Build.0 = Release|Any CPU
		{41925593-33AD-4E12-A7C4-71A50A15C44B}.Debug|Any CPU.ActiveCfg = Debug|Any CPU
		{41925593-33AD-4E12-A7C4-71A50A15C44B}.Debug|Any CPU.Build.0 = Debug|Any CPU
		{41925593-33AD-4E12-A7C4-71A50A15C44B}.Release|Any CPU.ActiveCfg = Release|Any CPU
		{41925593-33AD-4E12-A7C4-71A50A15C44B}.Release|Any CPU.Build.0 = Release|Any CPU
		{16EC08F8-DC9B-4D8E-89BA-6A8FBD74265B}.Debug|Any CPU.ActiveCfg = Debug|Any CPU
		{16EC08F8-DC9B-4D8E-89BA-6A8FBD74265B}.Debug|Any CPU.Build.0 = Debug|Any CPU
		{16EC08F8-DC9B-4D8E-89BA-6A8FBD74265B}.Release|Any CPU.ActiveCfg = Release|Any CPU
		{16EC08F8-DC9B-4D8E-89BA-6A8FBD74265B}.Release|Any CPU.Build.0 = Release|Any CPU
		{06E25E78-E1B6-4237-8D48-2A4EFBD73240}.Debug|Any CPU.ActiveCfg = Debug|Any CPU
		{06E25E78-E1B6-4237-8D48-2A4EFBD73240}.Debug|Any CPU.Build.0 = Debug|Any CPU
		{06E25E78-E1B6-4237-8D48-2A4EFBD73240}.Release|Any CPU.ActiveCfg = Release|Any CPU
		{06E25E78-E1B6-4237-8D48-2A4EFBD73240}.Release|Any CPU.Build.0 = Release|Any CPU
		{64EDD4BF-5BFB-45DE-B066-A232B277090B}.Debug|Any CPU.ActiveCfg = Debug|Any CPU
		{64EDD4BF-5BFB-45DE-B066-A232B277090B}.Debug|Any CPU.Build.0 = Debug|Any CPU
		{64EDD4BF-5BFB-45DE-B066-A232B277090B}.Release|Any CPU.ActiveCfg = Release|Any CPU
		{64EDD4BF-5BFB-45DE-B066-A232B277090B}.Release|Any CPU.Build.0 = Release|Any CPU
		{1C636C6F-12F4-47BF-B681-004706DB7D74}.Debug|Any CPU.ActiveCfg = Debug|Any CPU
		{1C636C6F-12F4-47BF-B681-004706DB7D74}.Debug|Any CPU.Build.0 = Debug|Any CPU
		{1C636C6F-12F4-47BF-B681-004706DB7D74}.Release|Any CPU.ActiveCfg = Release|Any CPU
		{1C636C6F-12F4-47BF-B681-004706DB7D74}.Release|Any CPU.Build.0 = Release|Any CPU
		{5E3FBE02-EA05-4666-9A23-21E9C53AC0CF}.Debug|Any CPU.ActiveCfg = Debug|Any CPU
		{5E3FBE02-EA05-4666-9A23-21E9C53AC0CF}.Debug|Any CPU.Build.0 = Debug|Any CPU
		{5E3FBE02-EA05-4666-9A23-21E9C53AC0CF}.Release|Any CPU.ActiveCfg = Release|Any CPU
		{5E3FBE02-EA05-4666-9A23-21E9C53AC0CF}.Release|Any CPU.Build.0 = Release|Any CPU
		{FFC30800-0595-4F67-9497-4A818C87CA00}.Debug|Any CPU.ActiveCfg = Debug|Any CPU
		{FFC30800-0595-4F67-9497-4A818C87CA00}.Debug|Any CPU.Build.0 = Debug|Any CPU
		{FFC30800-0595-4F67-9497-4A818C87CA00}.Release|Any CPU.ActiveCfg = Release|Any CPU
		{FFC30800-0595-4F67-9497-4A818C87CA00}.Release|Any CPU.Build.0 = Release|Any CPU
		{A2A174AF-8612-4796-B5FA-E2F9EB3AB68F}.Debug|Any CPU.ActiveCfg = Debug|Any CPU
		{A2A174AF-8612-4796-B5FA-E2F9EB3AB68F}.Debug|Any CPU.Build.0 = Debug|Any CPU
		{A2A174AF-8612-4796-B5FA-E2F9EB3AB68F}.Release|Any CPU.ActiveCfg = Release|Any CPU
		{A2A174AF-8612-4796-B5FA-E2F9EB3AB68F}.Release|Any CPU.Build.0 = Release|Any CPU
		{A5826A9E-7E96-4A52-8A06-2B6DC9855954}.Debug|Any CPU.ActiveCfg = Debug|Any CPU
		{A5826A9E-7E96-4A52-8A06-2B6DC9855954}.Debug|Any CPU.Build.0 = Debug|Any CPU
		{A5826A9E-7E96-4A52-8A06-2B6DC9855954}.Release|Any CPU.ActiveCfg = Release|Any CPU
		{A5826A9E-7E96-4A52-8A06-2B6DC9855954}.Release|Any CPU.Build.0 = Release|Any CPU
		{2FEDB78D-E355-4449-A9D3-1C3079E38FD9}.Debug|Any CPU.ActiveCfg = Debug|Any CPU
		{2FEDB78D-E355-4449-A9D3-1C3079E38FD9}.Debug|Any CPU.Build.0 = Debug|Any CPU
		{2FEDB78D-E355-4449-A9D3-1C3079E38FD9}.Release|Any CPU.ActiveCfg = Release|Any CPU
		{2FEDB78D-E355-4449-A9D3-1C3079E38FD9}.Release|Any CPU.Build.0 = Release|Any CPU
		{0B65210B-9A1D-4D07-98B4-69995FEF21BD}.Debug|Any CPU.ActiveCfg = Debug|Any CPU
		{0B65210B-9A1D-4D07-98B4-69995FEF21BD}.Debug|Any CPU.Build.0 = Debug|Any CPU
		{0B65210B-9A1D-4D07-98B4-69995FEF21BD}.Release|Any CPU.ActiveCfg = Release|Any CPU
		{0B65210B-9A1D-4D07-98B4-69995FEF21BD}.Release|Any CPU.Build.0 = Release|Any CPU
		{04556BEE-32FE-47D5-8C22-7D336FA44D7C}.Debug|Any CPU.ActiveCfg = Debug|Any CPU
		{04556BEE-32FE-47D5-8C22-7D336FA44D7C}.Debug|Any CPU.Build.0 = Debug|Any CPU
		{04556BEE-32FE-47D5-8C22-7D336FA44D7C}.Release|Any CPU.ActiveCfg = Release|Any CPU
		{04556BEE-32FE-47D5-8C22-7D336FA44D7C}.Release|Any CPU.Build.0 = Release|Any CPU
		{4054ACD4-492E-4315-A42D-554E5F6565E5}.Debug|Any CPU.ActiveCfg = Debug|Any CPU
		{4054ACD4-492E-4315-A42D-554E5F6565E5}.Debug|Any CPU.Build.0 = Debug|Any CPU
		{4054ACD4-492E-4315-A42D-554E5F6565E5}.Release|Any CPU.ActiveCfg = Release|Any CPU
		{4054ACD4-492E-4315-A42D-554E5F6565E5}.Release|Any CPU.Build.0 = Release|Any CPU
		{31DDD372-FA89-4FD2-9912-E610233EF83D}.Debug|Any CPU.ActiveCfg = Debug|Any CPU
		{31DDD372-FA89-4FD2-9912-E610233EF83D}.Debug|Any CPU.Build.0 = Debug|Any CPU
		{31DDD372-FA89-4FD2-9912-E610233EF83D}.Release|Any CPU.ActiveCfg = Release|Any CPU
		{31DDD372-FA89-4FD2-9912-E610233EF83D}.Release|Any CPU.Build.0 = Release|Any CPU
		{BC30AED1-5A8C-4100-A32F-1F8EDE84F2CB}.Debug|Any CPU.ActiveCfg = Debug|Any CPU
		{BC30AED1-5A8C-4100-A32F-1F8EDE84F2CB}.Debug|Any CPU.Build.0 = Debug|Any CPU
		{BC30AED1-5A8C-4100-A32F-1F8EDE84F2CB}.Release|Any CPU.ActiveCfg = Release|Any CPU
		{BC30AED1-5A8C-4100-A32F-1F8EDE84F2CB}.Release|Any CPU.Build.0 = Release|Any CPU
		{84EFA90D-94CE-4FF3-A945-073ED22F575E}.Debug|Any CPU.ActiveCfg = Debug|Any CPU
		{84EFA90D-94CE-4FF3-A945-073ED22F575E}.Debug|Any CPU.Build.0 = Debug|Any CPU
		{84EFA90D-94CE-4FF3-A945-073ED22F575E}.Release|Any CPU.ActiveCfg = Release|Any CPU
		{84EFA90D-94CE-4FF3-A945-073ED22F575E}.Release|Any CPU.Build.0 = Release|Any CPU
		{44718FD6-CF6F-4AE6-A31E-0F510628E516}.Debug|Any CPU.ActiveCfg = Debug|Any CPU
		{44718FD6-CF6F-4AE6-A31E-0F510628E516}.Debug|Any CPU.Build.0 = Debug|Any CPU
		{44718FD6-CF6F-4AE6-A31E-0F510628E516}.Release|Any CPU.ActiveCfg = Release|Any CPU
		{44718FD6-CF6F-4AE6-A31E-0F510628E516}.Release|Any CPU.Build.0 = Release|Any CPU
		{2752E754-8275-4712-81A9-FD64E85376D4}.Debug|Any CPU.ActiveCfg = Debug|Any CPU
		{2752E754-8275-4712-81A9-FD64E85376D4}.Debug|Any CPU.Build.0 = Debug|Any CPU
		{2752E754-8275-4712-81A9-FD64E85376D4}.Release|Any CPU.ActiveCfg = Release|Any CPU
		{2752E754-8275-4712-81A9-FD64E85376D4}.Release|Any CPU.Build.0 = Release|Any CPU
		{AEF0202F-2450-4D38-B5FF-48EBFBAAD26D}.Debug|Any CPU.ActiveCfg = Debug|Any CPU
		{AEF0202F-2450-4D38-B5FF-48EBFBAAD26D}.Debug|Any CPU.Build.0 = Debug|Any CPU
		{AEF0202F-2450-4D38-B5FF-48EBFBAAD26D}.Release|Any CPU.ActiveCfg = Release|Any CPU
		{AEF0202F-2450-4D38-B5FF-48EBFBAAD26D}.Release|Any CPU.Build.0 = Release|Any CPU
		{37C07DBD-BE79-4897-B571-152F0E81CA4B}.Debug|Any CPU.ActiveCfg = Debug|Any CPU
		{37C07DBD-BE79-4897-B571-152F0E81CA4B}.Debug|Any CPU.Build.0 = Debug|Any CPU
		{37C07DBD-BE79-4897-B571-152F0E81CA4B}.Release|Any CPU.ActiveCfg = Release|Any CPU
		{37C07DBD-BE79-4897-B571-152F0E81CA4B}.Release|Any CPU.Build.0 = Release|Any CPU
		{DD572450-C7AE-47A9-B3BF-47A81E98D167}.Debug|Any CPU.ActiveCfg = Debug|Any CPU
		{DD572450-C7AE-47A9-B3BF-47A81E98D167}.Debug|Any CPU.Build.0 = Debug|Any CPU
		{DD572450-C7AE-47A9-B3BF-47A81E98D167}.Release|Any CPU.ActiveCfg = Release|Any CPU
		{DD572450-C7AE-47A9-B3BF-47A81E98D167}.Release|Any CPU.Build.0 = Release|Any CPU
		{009CD834-1FF7-4085-B71F-90EEAA52A490}.Debug|Any CPU.ActiveCfg = Debug|Any CPU
		{009CD834-1FF7-4085-B71F-90EEAA52A490}.Debug|Any CPU.Build.0 = Debug|Any CPU
		{009CD834-1FF7-4085-B71F-90EEAA52A490}.Release|Any CPU.ActiveCfg = Release|Any CPU
		{009CD834-1FF7-4085-B71F-90EEAA52A490}.Release|Any CPU.Build.0 = Release|Any CPU
		{6AD829F2-83F4-4A94-B4E6-72203679B2F0}.Debug|Any CPU.ActiveCfg = Debug|Any CPU
		{6AD829F2-83F4-4A94-B4E6-72203679B2F0}.Debug|Any CPU.Build.0 = Debug|Any CPU
		{6AD829F2-83F4-4A94-B4E6-72203679B2F0}.Release|Any CPU.ActiveCfg = Release|Any CPU
		{6AD829F2-83F4-4A94-B4E6-72203679B2F0}.Release|Any CPU.Build.0 = Release|Any CPU
		{4937806A-AEDD-4C5F-902B-6BEE0675D83E}.Debug|Any CPU.ActiveCfg = Debug|Any CPU
		{4937806A-AEDD-4C5F-902B-6BEE0675D83E}.Debug|Any CPU.Build.0 = Debug|Any CPU
		{4937806A-AEDD-4C5F-902B-6BEE0675D83E}.Release|Any CPU.ActiveCfg = Release|Any CPU
		{4937806A-AEDD-4C5F-902B-6BEE0675D83E}.Release|Any CPU.Build.0 = Release|Any CPU
		{051481A2-B720-48A0-A811-595FDD00AF02}.Debug|Any CPU.ActiveCfg = Debug|Any CPU
		{051481A2-B720-48A0-A811-595FDD00AF02}.Debug|Any CPU.Build.0 = Debug|Any CPU
		{051481A2-B720-48A0-A811-595FDD00AF02}.Release|Any CPU.ActiveCfg = Release|Any CPU
		{051481A2-B720-48A0-A811-595FDD00AF02}.Release|Any CPU.Build.0 = Release|Any CPU
		{DEE1C2A9-6787-4101-9D64-9614BBA470D1}.Debug|Any CPU.ActiveCfg = Debug|Any CPU
		{DEE1C2A9-6787-4101-9D64-9614BBA470D1}.Debug|Any CPU.Build.0 = Debug|Any CPU
		{DEE1C2A9-6787-4101-9D64-9614BBA470D1}.Release|Any CPU.ActiveCfg = Release|Any CPU
		{DEE1C2A9-6787-4101-9D64-9614BBA470D1}.Release|Any CPU.Build.0 = Release|Any CPU
		{7E449958-2939-473F-9713-2AB80CA020B7}.Debug|Any CPU.ActiveCfg = Debug|Any CPU
		{7E449958-2939-473F-9713-2AB80CA020B7}.Debug|Any CPU.Build.0 = Debug|Any CPU
		{7E449958-2939-473F-9713-2AB80CA020B7}.Release|Any CPU.ActiveCfg = Release|Any CPU
		{7E449958-2939-473F-9713-2AB80CA020B7}.Release|Any CPU.Build.0 = Release|Any CPU
		{2E1525F5-9FF4-47C0-94C1-2BA295A5AD20}.Debug|Any CPU.ActiveCfg = Debug|Any CPU
		{2E1525F5-9FF4-47C0-94C1-2BA295A5AD20}.Debug|Any CPU.Build.0 = Debug|Any CPU
		{2E1525F5-9FF4-47C0-94C1-2BA295A5AD20}.Release|Any CPU.ActiveCfg = Release|Any CPU
		{2E1525F5-9FF4-47C0-94C1-2BA295A5AD20}.Release|Any CPU.Build.0 = Release|Any CPU
		{A53CE5F4-841F-40E3-A079-22C583509D6E}.Debug|Any CPU.ActiveCfg = Debug|Any CPU
		{A53CE5F4-841F-40E3-A079-22C583509D6E}.Debug|Any CPU.Build.0 = Debug|Any CPU
		{A53CE5F4-841F-40E3-A079-22C583509D6E}.Release|Any CPU.ActiveCfg = Release|Any CPU
		{A53CE5F4-841F-40E3-A079-22C583509D6E}.Release|Any CPU.Build.0 = Release|Any CPU
		{CEE3FAE5-2E96-4318-9A4D-7FAAC529CB08}.Debug|Any CPU.ActiveCfg = Debug|Any CPU
		{CEE3FAE5-2E96-4318-9A4D-7FAAC529CB08}.Debug|Any CPU.Build.0 = Debug|Any CPU
		{CEE3FAE5-2E96-4318-9A4D-7FAAC529CB08}.Release|Any CPU.ActiveCfg = Release|Any CPU
		{CEE3FAE5-2E96-4318-9A4D-7FAAC529CB08}.Release|Any CPU.Build.0 = Release|Any CPU
		{C3F79479-1011-4ECB-8876-81B81CA2457B}.Debug|Any CPU.ActiveCfg = Debug|Any CPU
		{C3F79479-1011-4ECB-8876-81B81CA2457B}.Debug|Any CPU.Build.0 = Debug|Any CPU
		{C3F79479-1011-4ECB-8876-81B81CA2457B}.Release|Any CPU.ActiveCfg = Release|Any CPU
		{C3F79479-1011-4ECB-8876-81B81CA2457B}.Release|Any CPU.Build.0 = Release|Any CPU
		{EE64CE9C-7A9C-4832-B9CD-00106CFA620C}.Debug|Any CPU.ActiveCfg = Debug|Any CPU
		{EE64CE9C-7A9C-4832-B9CD-00106CFA620C}.Debug|Any CPU.Build.0 = Debug|Any CPU
		{EE64CE9C-7A9C-4832-B9CD-00106CFA620C}.Release|Any CPU.ActiveCfg = Release|Any CPU
		{EE64CE9C-7A9C-4832-B9CD-00106CFA620C}.Release|Any CPU.Build.0 = Release|Any CPU
		{E2F3DA74-E8BB-492B-877C-24E781C4FB1F}.Debug|Any CPU.ActiveCfg = Debug|Any CPU
		{E2F3DA74-E8BB-492B-877C-24E781C4FB1F}.Debug|Any CPU.Build.0 = Debug|Any CPU
		{E2F3DA74-E8BB-492B-877C-24E781C4FB1F}.Release|Any CPU.ActiveCfg = Release|Any CPU
		{E2F3DA74-E8BB-492B-877C-24E781C4FB1F}.Release|Any CPU.Build.0 = Release|Any CPU
		{C964F164-C8BF-487A-9D24-5E169A7E950F}.Debug|Any CPU.ActiveCfg = Debug|Any CPU
		{C964F164-C8BF-487A-9D24-5E169A7E950F}.Debug|Any CPU.Build.0 = Debug|Any CPU
		{C964F164-C8BF-487A-9D24-5E169A7E950F}.Release|Any CPU.ActiveCfg = Release|Any CPU
		{C964F164-C8BF-487A-9D24-5E169A7E950F}.Release|Any CPU.Build.0 = Release|Any CPU
		{81E535EC-ACB5-4EE4-A173-06983B40F80F}.Debug|Any CPU.ActiveCfg = Debug|Any CPU
		{81E535EC-ACB5-4EE4-A173-06983B40F80F}.Debug|Any CPU.Build.0 = Debug|Any CPU
		{81E535EC-ACB5-4EE4-A173-06983B40F80F}.Release|Any CPU.ActiveCfg = Release|Any CPU
		{81E535EC-ACB5-4EE4-A173-06983B40F80F}.Release|Any CPU.Build.0 = Release|Any CPU
		{2C7CA0BD-98AD-4CC1-B496-94ED49636466}.Debug|Any CPU.ActiveCfg = Debug|Any CPU
		{2C7CA0BD-98AD-4CC1-B496-94ED49636466}.Debug|Any CPU.Build.0 = Debug|Any CPU
		{2C7CA0BD-98AD-4CC1-B496-94ED49636466}.Release|Any CPU.ActiveCfg = Release|Any CPU
		{2C7CA0BD-98AD-4CC1-B496-94ED49636466}.Release|Any CPU.Build.0 = Release|Any CPU
		{2A91E54D-F63C-4E92-9A6D-F15C7C55B0D7}.Debug|Any CPU.ActiveCfg = Debug|Any CPU
		{2A91E54D-F63C-4E92-9A6D-F15C7C55B0D7}.Debug|Any CPU.Build.0 = Debug|Any CPU
		{2A91E54D-F63C-4E92-9A6D-F15C7C55B0D7}.Release|Any CPU.ActiveCfg = Release|Any CPU
		{2A91E54D-F63C-4E92-9A6D-F15C7C55B0D7}.Release|Any CPU.Build.0 = Release|Any CPU
	EndGlobalSection
	GlobalSection(SolutionProperties) = preSolution
		HideSolutionNode = FALSE
	EndGlobalSection
	GlobalSection(NestedProjects) = preSolution
		{584C62C0-2AE6-4DD6-9BCF-8FF28B7122CE} = {7311E32F-C1B0-41C9-B5F1-DE9EBB6ABB55}
		{2D956C4C-140C-4C4B-8975-43F82EBC06B6} = {584C62C0-2AE6-4DD6-9BCF-8FF28B7122CE}
		{77D2CC92-A3CB-499E-9A85-DDFB74D56580} = {7311E32F-C1B0-41C9-B5F1-DE9EBB6ABB55}
		{5EDA8FDA-2639-464F-A835-97006BDB8C4F} = {77D2CC92-A3CB-499E-9A85-DDFB74D56580}
		{F031DBDA-5D3F-4CE6-B133-09CE7E212584} = {7311E32F-C1B0-41C9-B5F1-DE9EBB6ABB55}
		{52D658B6-C557-43AB-8886-1EE9DE1D1E37} = {F031DBDA-5D3F-4CE6-B133-09CE7E212584}
		{1A95D3B0-34AA-4F89-8667-B09E0CE2CBC8} = {F031DBDA-5D3F-4CE6-B133-09CE7E212584}
		{AA00FED4-B9D1-4E7E-A06B-4A9403BFF7FF} = {77D2CC92-A3CB-499E-9A85-DDFB74D56580}
		{4DCC0E0D-52D8-4F97-9B26-C3F9CB76F16F} = {7311E32F-C1B0-41C9-B5F1-DE9EBB6ABB55}
		{3A9676F0-9B5E-44DB-99A5-644200971512} = {4DCC0E0D-52D8-4F97-9B26-C3F9CB76F16F}
		{CC43326A-DD67-4B00-80EE-C244B31A319F} = {D28298B7-63A2-4751-BEB9-C3C30F2E7107}
		{A820C4C2-1472-46ED-BA95-47B588B1D7AF} = {CC43326A-DD67-4B00-80EE-C244B31A319F}
		{8AA188B0-D775-49CD-BA6E-233B51B446D9} = {CC43326A-DD67-4B00-80EE-C244B31A319F}
		{508F9587-A3CD-41EF-A5A3-36BE04BB6D1B} = {CC43326A-DD67-4B00-80EE-C244B31A319F}
		{A7BFF1C7-8E38-4168-B1EE-12D1453D941E} = {A820C4C2-1472-46ED-BA95-47B588B1D7AF}
		{2D8F6137-448A-47FE-8E2D-75202A390CA0} = {A820C4C2-1472-46ED-BA95-47B588B1D7AF}
		{DB46AB1F-F68F-4922-9991-377C03FBFE15} = {A820C4C2-1472-46ED-BA95-47B588B1D7AF}
		{F0916D86-EB15-47BF-A3ED-321663C6E642} = {A820C4C2-1472-46ED-BA95-47B588B1D7AF}
		{9A2D4D91-32A7-45D6-8671-8D3D2EEDF77C} = {A820C4C2-1472-46ED-BA95-47B588B1D7AF}
		{49EC2E4F-38DA-4267-A68D-3D35E3C0BAE1} = {A820C4C2-1472-46ED-BA95-47B588B1D7AF}
		{7511CC31-1B47-4BB6-A2FE-1102B1C3DA60} = {8AA188B0-D775-49CD-BA6E-233B51B446D9}
		{BAC86D87-C77C-4208-8A32-B9AE93050DFA} = {8AA188B0-D775-49CD-BA6E-233B51B446D9}
		{14BD4641-7BEB-4004-9990-8D8E63AEE388} = {8AA188B0-D775-49CD-BA6E-233B51B446D9}
		{F9112BDB-88F0-4199-99F3-5D1EB1BDFB8C} = {8AA188B0-D775-49CD-BA6E-233B51B446D9}
		{FF450F12-2003-45E1-91AE-8DE68BDB1EC9} = {8AA188B0-D775-49CD-BA6E-233B51B446D9}
		{4FCEEB60-86FD-4176-8DAE-66F5A84B43C5} = {508F9587-A3CD-41EF-A5A3-36BE04BB6D1B}
		{8550BCBA-F446-4367-94CA-9B7C425B5900} = {8AA188B0-D775-49CD-BA6E-233B51B446D9}
		{AF40EDA6-79C0-4156-87F1-03EC71092814} = {8AA188B0-D775-49CD-BA6E-233B51B446D9}
		{1505031E-3FA8-4C62-91EC-EE854649B559} = {508F9587-A3CD-41EF-A5A3-36BE04BB6D1B}
		{59D4A324-E49E-498D-B978-1620BA316FB0} = {508F9587-A3CD-41EF-A5A3-36BE04BB6D1B}
		{293DA21D-2AAD-46E6-987F-48F45B5A86BE} = {508F9587-A3CD-41EF-A5A3-36BE04BB6D1B}
		{5350CA03-5BED-4E99-B082-3E97E57FA823} = {508F9587-A3CD-41EF-A5A3-36BE04BB6D1B}
		{E3C793D0-F5C5-4E0C-9B72-48C9B16A3CC4} = {508F9587-A3CD-41EF-A5A3-36BE04BB6D1B}
		{45B7B244-6AC4-41E4-8CA9-269DDC3C5835} = {508F9587-A3CD-41EF-A5A3-36BE04BB6D1B}
		{90E022FB-CA1B-49DD-9BEA-CE7F8E74E8BB} = {83E383BB-C9D9-4F5F-BAAF-FF1ADFF0B151}
		{D90FF66E-13B2-4541-9794-10005B207F8E} = {834777FF-8E4B-4872-9C41-3A712EABAF86}
		{A3AD803D-EE27-40F7-A835-DA1BD5C7BD49} = {834777FF-8E4B-4872-9C41-3A712EABAF86}
		{50F9866B-D6A0-46D1-AAF2-36244698400F} = {0407911F-89FC-4138-BD4D-D4CFCFBB5DC1}
		{0F083FAE-6716-4CA8-8003-252067B2FBF6} = {97A37162-5696-48A1-8C7B-DCA03A23170B}
		{5169916E-092C-431A-8577-50F2713C10CB} = {A820C4C2-1472-46ED-BA95-47B588B1D7AF}
		{14726095-DA28-43A6-A9A9-F16C605932E1} = {7311E32F-C1B0-41C9-B5F1-DE9EBB6ABB55}
		{2F591414-63E0-4CD8-AA1E-11132CC20EA9} = {14726095-DA28-43A6-A9A9-F16C605932E1}
		{20C8482D-1525-47B0-B78B-09632892E8E4} = {7311E32F-C1B0-41C9-B5F1-DE9EBB6ABB55}
		{7197E4CE-120D-4601-AA8B-F65B8DB2E883} = {20C8482D-1525-47B0-B78B-09632892E8E4}
		{DD1FF81B-107E-4874-BD37-6E84EAD78EDD} = {20C8482D-1525-47B0-B78B-09632892E8E4}
		{BE777108-64EF-4E35-93DD-A90B93A631B9} = {83E383BB-C9D9-4F5F-BAAF-FF1ADFF0B151}
		{A648A670-0A7B-49BC-8017-E3462A89916D} = {BE777108-64EF-4E35-93DD-A90B93A631B9}
		{25A21016-7DF7-4884-9241-AC21D7D35ABE} = {20C8482D-1525-47B0-B78B-09632892E8E4}
		{3C1C5EBB-A1C4-4B27-A3B2-C99DF646273E} = {584C62C0-2AE6-4DD6-9BCF-8FF28B7122CE}
		{65743F60-F511-41E1-959B-D29FA3DB404D} = {A4361674-5AB7-442D-8DA7-7187C9BCA38F}
		{34929B8F-4ED5-499C-A3AC-7ABE0F2F8FFE} = {D28298B7-63A2-4751-BEB9-C3C30F2E7107}
		{34A864A3-C25C-4DFA-BCE8-173F72B572A3} = {34929B8F-4ED5-499C-A3AC-7ABE0F2F8FFE}
		{5104F8FE-CF32-4B6A-93FB-B6A651FB9444} = {584C62C0-2AE6-4DD6-9BCF-8FF28B7122CE}
		{2E99F025-BDC0-430E-AD2A-C81141AC2BCA} = {A4361674-5AB7-442D-8DA7-7187C9BCA38F}
		{88B831EC-0DFE-40D7-9449-C4BDAE5B5512} = {20C8482D-1525-47B0-B78B-09632892E8E4}
		{FC77C6B6-EAB3-4CC0-8BB0-535BC4CB2C5B} = {20C8482D-1525-47B0-B78B-09632892E8E4}
		{FA224C96-29E2-45F8-9CB9-B61636664F06} = {20C8482D-1525-47B0-B78B-09632892E8E4}
		{2D9089E7-54EA-4526-B8FE-12729BF14F16} = {83E383BB-C9D9-4F5F-BAAF-FF1ADFF0B151}
		{22EF0C6F-7C04-47F8-8D65-3CECC772C95A} = {2D9089E7-54EA-4526-B8FE-12729BF14F16}
		{4569E00B-D010-460B-BCFD-6E56832CB2A0} = {34929B8F-4ED5-499C-A3AC-7ABE0F2F8FFE}
		{307E1650-6128-4A36-9C98-297F2BF71C83} = {7311E32F-C1B0-41C9-B5F1-DE9EBB6ABB55}
		{9C0F71FC-16A0-401E-B479-D9458CBC95D7} = {307E1650-6128-4A36-9C98-297F2BF71C83}
		{CD7A26D8-B0F4-4BAE-8654-5F359495E592} = {307E1650-6128-4A36-9C98-297F2BF71C83}
		{7BFB09B3-B537-4D77-87D0-F2C6D722DB38} = {307E1650-6128-4A36-9C98-297F2BF71C83}
		{CCD72C53-E7A9-4E1E-9FC4-AE53D96CDEF3} = {A820C4C2-1472-46ED-BA95-47B588B1D7AF}
		{AA04B90E-5182-413C-BF93-1D48AB8286D9} = {A820C4C2-1472-46ED-BA95-47B588B1D7AF}
		{404998FD-60A3-414E-A30F-FAE46AE28158} = {90E022FB-CA1B-49DD-9BEA-CE7F8E74E8BB}
		{834777FF-8E4B-4872-9C41-3A712EABAF86} = {90E022FB-CA1B-49DD-9BEA-CE7F8E74E8BB}
		{97A37162-5696-48A1-8C7B-DCA03A23170B} = {90E022FB-CA1B-49DD-9BEA-CE7F8E74E8BB}
		{0407911F-89FC-4138-BD4D-D4CFCFBB5DC1} = {90E022FB-CA1B-49DD-9BEA-CE7F8E74E8BB}
		{A4361674-5AB7-442D-8DA7-7187C9BCA38F} = {90E022FB-CA1B-49DD-9BEA-CE7F8E74E8BB}
		{329C3A29-B023-478C-9D73-91621B101F81} = {F031DBDA-5D3F-4CE6-B133-09CE7E212584}
		{4B368840-DA86-48FA-969D-A086F016BB7A} = {14726095-DA28-43A6-A9A9-F16C605932E1}
		{B15B9803-EB9D-4BA2-9B09-ACAE8F11252D} = {584C62C0-2AE6-4DD6-9BCF-8FF28B7122CE}
		{D4F5F69C-9A9F-425C-8DBA-B8053AE506B5} = {A4361674-5AB7-442D-8DA7-7187C9BCA38F}
		{E6C9D6ED-2405-45C6-898A-EE7CE9D7D5B2} = {A4361674-5AB7-442D-8DA7-7187C9BCA38F}
		{0058E23D-59A0-422F-826B-F3027BFC6738} = {14726095-DA28-43A6-A9A9-F16C605932E1}
		{29B7593C-60F4-41DC-A883-4976FF467927} = {90E022FB-CA1B-49DD-9BEA-CE7F8E74E8BB}
		{CA5AE5D5-C5E6-4CE6-85FB-27A560BE065C} = {29B7593C-60F4-41DC-A883-4976FF467927}
		{96D2C376-CB79-426A-9330-86EE408F638F} = {20C8482D-1525-47B0-B78B-09632892E8E4}
		{C1545525-773A-4A5F-9DC4-E029CD13E2ED} = {0407911F-89FC-4138-BD4D-D4CFCFBB5DC1}
		{B7F02268-98F8-4C73-9B3A-41250835F3FD} = {4DCC0E0D-52D8-4F97-9B26-C3F9CB76F16F}
		{B5C4D462-E7AF-4146-9618-75FF242E148C} = {584C62C0-2AE6-4DD6-9BCF-8FF28B7122CE}
		{F57779EB-9107-427D-A65C-5AA262C348E1} = {EB7B0468-DE25-4350-80AD-50E7C4D09120}
		{F442DC3C-D2E9-468F-A6E3-D639E6F5D168} = {307E1650-6128-4A36-9C98-297F2BF71C83}
		{7D20C931-B59B-4227-A916-3DE892F7A78A} = {7311E32F-C1B0-41C9-B5F1-DE9EBB6ABB55}
		{501EF886-EF0C-4067-BBF8-1768F2747E67} = {7D20C931-B59B-4227-A916-3DE892F7A78A}
		{D11FE59A-F3FE-4A7D-85B3-252294B6447C} = {7D20C931-B59B-4227-A916-3DE892F7A78A}
		{FE39B11B-26E0-4EDA-AA33-18E1D5EB63D8} = {90E022FB-CA1B-49DD-9BEA-CE7F8E74E8BB}
		{DB6CACB0-CDC1-47CD-B89E-BE24D9238472} = {FE39B11B-26E0-4EDA-AA33-18E1D5EB63D8}
		{9799CE73-AF1F-437D-B446-820F8B9BB0E4} = {14726095-DA28-43A6-A9A9-F16C605932E1}
		{B7394D40-1B1A-4C86-B6F1-1779A7913D54} = {7311E32F-C1B0-41C9-B5F1-DE9EBB6ABB55}
		{DFB556BD-016A-4C1D-AA53-8AF83ABBA253} = {B7394D40-1B1A-4C86-B6F1-1779A7913D54}
		{82F759F3-A812-41F9-B91C-1AC026715A02} = {584C62C0-2AE6-4DD6-9BCF-8FF28B7122CE}
		{8A3A8F57-7457-44D8-804D-CA7B2B18F8E3} = {A4361674-5AB7-442D-8DA7-7187C9BCA38F}
		{6A926E2D-4AA9-4D4D-97B9-06761C8CAE85} = {4DCC0E0D-52D8-4F97-9B26-C3F9CB76F16F}
		{B9B2B7F6-9891-4380-94DE-27A94C7B6279} = {404998FD-60A3-414E-A30F-FAE46AE28158}
		{F9F61DA4-9D22-4731-9B23-46302DC6597E} = {29B7593C-60F4-41DC-A883-4976FF467927}
		{B09FE370-C39D-47EB-A555-275467F2F043} = {90E022FB-CA1B-49DD-9BEA-CE7F8E74E8BB}
		{4AE166DE-9E9D-482B-84F6-3556AC743DEF} = {B09FE370-C39D-47EB-A555-275467F2F043}
		{F170EE3D-296D-487B-9498-CCD8541BAFB2} = {7311E32F-C1B0-41C9-B5F1-DE9EBB6ABB55}
		{39812860-D4CB-4C4B-B18E-24C0AB9D8DFE} = {F170EE3D-296D-487B-9498-CCD8541BAFB2}
		{2D2EF9B5-2C2D-4F66-AAAB-EF9DA669DA97} = {F031DBDA-5D3F-4CE6-B133-09CE7E212584}
		{4AAABBA9-8EC3-4374-9F23-8F4F8B59A227} = {834777FF-8E4B-4872-9C41-3A712EABAF86}
		{DB768569-2CDA-4382-84E3-D41494A22EDD} = {F170EE3D-296D-487B-9498-CCD8541BAFB2}
		{826D8C5A-AC92-4559-9C82-629666525D6C} = {14726095-DA28-43A6-A9A9-F16C605932E1}
		{0ECF24A0-BFED-4F7A-8B06-CC40E628E852} = {90E022FB-CA1B-49DD-9BEA-CE7F8E74E8BB}
		{64275FFB-A07C-43C2-8D7F-21DDA18B1DF3} = {0ECF24A0-BFED-4F7A-8B06-CC40E628E852}
		{5EED8D24-86E1-4F9C-81F5-541A8CF892D5} = {F170EE3D-296D-487B-9498-CCD8541BAFB2}
		{45ECA8AA-9AF9-430C-A73D-016FE11596FA} = {0ECF24A0-BFED-4F7A-8B06-CC40E628E852}
		{C2E1D2F8-EDC2-40CA-A4A4-8DE9AC97706A} = {F170EE3D-296D-487B-9498-CCD8541BAFB2}
		{713919AF-8797-4EBD-B2E0-2D9BC87AD362} = {0ECF24A0-BFED-4F7A-8B06-CC40E628E852}
		{7B8A4CF7-520E-43E9-A7ED-5DD3EDCAB3FC} = {584C62C0-2AE6-4DD6-9BCF-8FF28B7122CE}
		{E305069A-E4A9-480F-94E6-9CCFC4C11F63} = {A4361674-5AB7-442D-8DA7-7187C9BCA38F}
		{560D2A62-21C9-42FB-977C-7F2E66A1A529} = {14726095-DA28-43A6-A9A9-F16C605932E1}
		{41925593-33AD-4E12-A7C4-71A50A15C44B} = {29B7593C-60F4-41DC-A883-4976FF467927}
		{16EC08F8-DC9B-4D8E-89BA-6A8FBD74265B} = {29B7593C-60F4-41DC-A883-4976FF467927}
		{06E25E78-E1B6-4237-8D48-2A4EFBD73240} = {14726095-DA28-43A6-A9A9-F16C605932E1}
		{64EDD4BF-5BFB-45DE-B066-A232B277090B} = {F170EE3D-296D-487B-9498-CCD8541BAFB2}
		{1C636C6F-12F4-47BF-B681-004706DB7D74} = {4DCC0E0D-52D8-4F97-9B26-C3F9CB76F16F}
		{5E3FBE02-EA05-4666-9A23-21E9C53AC0CF} = {404998FD-60A3-414E-A30F-FAE46AE28158}
		{FFC30800-0595-4F67-9497-4A818C87CA00} = {BE777108-64EF-4E35-93DD-A90B93A631B9}
		{74583BC7-B9BC-4D27-B9E9-5DB136A8E41C} = {D28298B7-63A2-4751-BEB9-C3C30F2E7107}
		{A2A174AF-8612-4796-B5FA-E2F9EB3AB68F} = {74583BC7-B9BC-4D27-B9E9-5DB136A8E41C}
		{EF374BA2-61FC-41FB-8229-5187DCBAA63A} = {7311E32F-C1B0-41C9-B5F1-DE9EBB6ABB55}
		{A5826A9E-7E96-4A52-8A06-2B6DC9855954} = {33AEB049-EC66-4728-9B22-CC0F282D3E73}
		{2FEDB78D-E355-4449-A9D3-1C3079E38FD9} = {20C8482D-1525-47B0-B78B-09632892E8E4}
		{0B65210B-9A1D-4D07-98B4-69995FEF21BD} = {4DCC0E0D-52D8-4F97-9B26-C3F9CB76F16F}
		{04556BEE-32FE-47D5-8C22-7D336FA44D7C} = {584C62C0-2AE6-4DD6-9BCF-8FF28B7122CE}
		{4054ACD4-492E-4315-A42D-554E5F6565E5} = {CC43326A-DD67-4B00-80EE-C244B31A319F}
		{31DDD372-FA89-4FD2-9912-E610233EF83D} = {29B7593C-60F4-41DC-A883-4976FF467927}
		{B951278D-3864-4239-A2CF-769953E827EC} = {729F9B40-DA6F-4223-8FEE-76DBC9184112}
		{BC30AED1-5A8C-4100-A32F-1F8EDE84F2CB} = {584C62C0-2AE6-4DD6-9BCF-8FF28B7122CE}
		{FA5EB6F2-9864-46B9-B62E-13D6578D9009} = {D28298B7-63A2-4751-BEB9-C3C30F2E7107}
		{84EFA90D-94CE-4FF3-A945-073ED22F575E} = {FA5EB6F2-9864-46B9-B62E-13D6578D9009}
		{44718FD6-CF6F-4AE6-A31E-0F510628E516} = {FA5EB6F2-9864-46B9-B62E-13D6578D9009}
		{2752E754-8275-4712-81A9-FD64E85376D4} = {FA5EB6F2-9864-46B9-B62E-13D6578D9009}
		{AEF0202F-2450-4D38-B5FF-48EBFBAAD26D} = {FA5EB6F2-9864-46B9-B62E-13D6578D9009}
		{37C07DBD-BE79-4897-B571-152F0E81CA4B} = {FA5EB6F2-9864-46B9-B62E-13D6578D9009}
		{29AF1BE2-AB2E-4261-BAAF-613C9A536684} = {CC43326A-DD67-4B00-80EE-C244B31A319F}
		{DD572450-C7AE-47A9-B3BF-47A81E98D167} = {29AF1BE2-AB2E-4261-BAAF-613C9A536684}
		{009CD834-1FF7-4085-B71F-90EEAA52A490} = {29AF1BE2-AB2E-4261-BAAF-613C9A536684}
		{6AD829F2-83F4-4A94-B4E6-72203679B2F0} = {29AF1BE2-AB2E-4261-BAAF-613C9A536684}
		{4937806A-AEDD-4C5F-902B-6BEE0675D83E} = {20C8482D-1525-47B0-B78B-09632892E8E4}
		{F9DAE019-CA73-419E-83AE-47AF6AE6D736} = {7311E32F-C1B0-41C9-B5F1-DE9EBB6ABB55}
		{051481A2-B720-48A0-A811-595FDD00AF02} = {F9DAE019-CA73-419E-83AE-47AF6AE6D736}
		{7665D483-5A83-4E03-B8D6-77C7A1784867} = {90E022FB-CA1B-49DD-9BEA-CE7F8E74E8BB}
		{DEE1C2A9-6787-4101-9D64-9614BBA470D1} = {7665D483-5A83-4E03-B8D6-77C7A1784867}
		{E7A719C2-1F6B-47DB-9708-3313EB2DBB4F} = {F57779EB-9107-427D-A65C-5AA262C348E1}
		{7E449958-2939-473F-9713-2AB80CA020B7} = {584C62C0-2AE6-4DD6-9BCF-8FF28B7122CE}
		{2E1525F5-9FF4-47C0-94C1-2BA295A5AD20} = {A4361674-5AB7-442D-8DA7-7187C9BCA38F}
		{A53CE5F4-841F-40E3-A079-22C583509D6E} = {584C62C0-2AE6-4DD6-9BCF-8FF28B7122CE}
		{CEE3FAE5-2E96-4318-9A4D-7FAAC529CB08} = {0ECF24A0-BFED-4F7A-8B06-CC40E628E852}
		{C3F79479-1011-4ECB-8876-81B81CA2457B} = {0407911F-89FC-4138-BD4D-D4CFCFBB5DC1}
		{EE64CE9C-7A9C-4832-B9CD-00106CFA620C} = {33AEB049-EC66-4728-9B22-CC0F282D3E73}
		{2177F9CE-CD18-4D61-8DAE-0E27D3C44AB3} = {90E022FB-CA1B-49DD-9BEA-CE7F8E74E8BB}
		{E2F3DA74-E8BB-492B-877C-24E781C4FB1F} = {2177F9CE-CD18-4D61-8DAE-0E27D3C44AB3}
		{C964F164-C8BF-487A-9D24-5E169A7E950F} = {33AEB049-EC66-4728-9B22-CC0F282D3E73}
		{81E535EC-ACB5-4EE4-A173-06983B40F80F} = {2177F9CE-CD18-4D61-8DAE-0E27D3C44AB3}
		{33AEB049-EC66-4728-9B22-CC0F282D3E73} = {EF374BA2-61FC-41FB-8229-5187DCBAA63A}
		{2C7CA0BD-98AD-4CC1-B496-94ED49636466} = {14726095-DA28-43A6-A9A9-F16C605932E1}
		{2A91E54D-F63C-4E92-9A6D-F15C7C55B0D7} = {29B7593C-60F4-41DC-A883-4976FF467927}
	EndGlobalSection
	GlobalSection(ExtensibilityGlobals) = postSolution
		SolutionGuid = {23A42379-616A-43EF-99BC-803DF151F54E}
	EndGlobalSection
EndGlobal
