
Microsoft Visual Studio Solution File, Format Version 12.00
# Visual Studio 15
VisualStudioVersion = 15.0.28307.902
MinimumVisualStudioVersion = 10.0.40219.1
Project("{9A19103F-16F7-4668-BE54-9A1E7A4F7556}") = "NBB.ProcessManager.Definition", "src\Orchestration\NBB.ProcessManager.Definition\NBB.ProcessManager.Definition.csproj", "{4577E784-9615-4CD7-B425-0F1A855E36C6}"
EndProject
Project("{9A19103F-16F7-4668-BE54-9A1E7A4F7556}") = "NBB.ProcessManager.Runtime", "src\Orchestration\NBB.ProcessManager.Runtime\NBB.ProcessManager.Runtime.csproj", "{587AB0EE-FE1D-4EBB-A324-36F498E96B2A}"
EndProject
Project("{9A19103F-16F7-4668-BE54-9A1E7A4F7556}") = "NBB.ProcessManager.Tests", "test\UnitTests\Orchestration\NBB.ProcessManager.Tests\NBB.ProcessManager.Tests.csproj", "{7F36E032-4DF7-48B9-933A-4B2BA595C49A}"
EndProject
Project("{9A19103F-16F7-4668-BE54-9A1E7A4F7556}") = "ProcessManagerSample", "samples\Orchestration\ProcessManagerSample\ProcessManagerSample.csproj", "{BF9234E9-64F8-43DB-A01A-0EE796ED2212}"
EndProject
Project("{2150E333-8FDC-42A3-9474-1A3956D46DE8}") = "Solution Items", "Solution Items", "{C66A3297-89DC-475F-89F1-DC07CE88AA32}"
	ProjectSection(SolutionItems) = preProject
		.dockerignore = .dockerignore
		.gitignore = .gitignore
		dependencies.props = dependencies.props
		Directory.Build.props = Directory.Build.props
		NuGet.config = NuGet.config
		README.md = README.md
	EndProjectSection
EndProject
Project("{9A19103F-16F7-4668-BE54-9A1E7A4F7556}") = "NBB.EventStore.Abstractions", "src\EventStore\NBB.EventStore.Abstractions\NBB.EventStore.Abstractions.csproj", "{A490F548-10AB-41A8-90ED-1E5E63F8401C}"
EndProject
Project("{9A19103F-16F7-4668-BE54-9A1E7A4F7556}") = "NBB.EventStore.InMemory", "src\EventStore\NBB.EventStore.InMemory\NBB.EventStore.InMemory.csproj", "{AADDC107-5AF0-4D81-9991-6B85C06AE8B9}"
EndProject
Project("{9A19103F-16F7-4668-BE54-9A1E7A4F7556}") = "NBB.Core.Abstractions", "src\Core\NBB.Core.Abstractions\NBB.Core.Abstractions.csproj", "{B1150518-A2CC-43A5-9DEB-2F4C81FA69F5}"
EndProject
Project("{9A19103F-16F7-4668-BE54-9A1E7A4F7556}") = "NBB.Messaging.Abstractions", "src\Messaging\NBB.Messaging.Abstractions\NBB.Messaging.Abstractions.csproj", "{7345B593-0674-46F5-AE75-35F53D584234}"
EndProject
Project("{9A19103F-16F7-4668-BE54-9A1E7A4F7556}") = "NBB.Messaging.DataContracts", "src\Messaging\NBB.Messaging.DataContracts\NBB.Messaging.DataContracts.csproj", "{37B49FD9-92C3-4C76-9663-765892C14C12}"
EndProject
Project("{9A19103F-16F7-4668-BE54-9A1E7A4F7556}") = "NBB.EventStore", "src\EventStore\NBB.EventStore\NBB.EventStore.csproj", "{0B3E501A-F135-4335-AF57-5D8264951C25}"
EndProject
Project("{9A19103F-16F7-4668-BE54-9A1E7A4F7556}") = "NBB.Application.DataContracts", "src\Application\NBB.Application.DataContracts\NBB.Application.DataContracts.csproj", "{8565B8B2-C1ED-4051-8251-F935E07D5C54}"
EndProject
Project("{9A19103F-16F7-4668-BE54-9A1E7A4F7556}") = "NBB.Correlation", "src\Correlation\NBB.Correlation\NBB.Correlation.csproj", "{0350CF12-F85D-4FAD-B7F2-F531350D400E}"
EndProject
Project("{2150E333-8FDC-42A3-9474-1A3956D46DE8}") = "_NBB", "_NBB", "{FF10EAE9-3BC8-4DE8-887E-D76F18FE38CB}"
EndProject
Global
	GlobalSection(SolutionConfigurationPlatforms) = preSolution
		Debug|Any CPU = Debug|Any CPU
		Release|Any CPU = Release|Any CPU
	EndGlobalSection
	GlobalSection(ProjectConfigurationPlatforms) = postSolution
		{4577E784-9615-4CD7-B425-0F1A855E36C6}.Debug|Any CPU.ActiveCfg = Debug|Any CPU
		{4577E784-9615-4CD7-B425-0F1A855E36C6}.Debug|Any CPU.Build.0 = Debug|Any CPU
		{4577E784-9615-4CD7-B425-0F1A855E36C6}.Release|Any CPU.ActiveCfg = Release|Any CPU
		{4577E784-9615-4CD7-B425-0F1A855E36C6}.Release|Any CPU.Build.0 = Release|Any CPU
		{587AB0EE-FE1D-4EBB-A324-36F498E96B2A}.Debug|Any CPU.ActiveCfg = Debug|Any CPU
		{587AB0EE-FE1D-4EBB-A324-36F498E96B2A}.Debug|Any CPU.Build.0 = Debug|Any CPU
		{587AB0EE-FE1D-4EBB-A324-36F498E96B2A}.Release|Any CPU.ActiveCfg = Release|Any CPU
		{587AB0EE-FE1D-4EBB-A324-36F498E96B2A}.Release|Any CPU.Build.0 = Release|Any CPU
		{7F36E032-4DF7-48B9-933A-4B2BA595C49A}.Debug|Any CPU.ActiveCfg = Debug|Any CPU
		{7F36E032-4DF7-48B9-933A-4B2BA595C49A}.Debug|Any CPU.Build.0 = Debug|Any CPU
		{7F36E032-4DF7-48B9-933A-4B2BA595C49A}.Release|Any CPU.ActiveCfg = Release|Any CPU
		{7F36E032-4DF7-48B9-933A-4B2BA595C49A}.Release|Any CPU.Build.0 = Release|Any CPU
		{BF9234E9-64F8-43DB-A01A-0EE796ED2212}.Debug|Any CPU.ActiveCfg = Debug|Any CPU
		{BF9234E9-64F8-43DB-A01A-0EE796ED2212}.Debug|Any CPU.Build.0 = Debug|Any CPU
		{BF9234E9-64F8-43DB-A01A-0EE796ED2212}.Release|Any CPU.ActiveCfg = Release|Any CPU
		{BF9234E9-64F8-43DB-A01A-0EE796ED2212}.Release|Any CPU.Build.0 = Release|Any CPU
		{A490F548-10AB-41A8-90ED-1E5E63F8401C}.Debug|Any CPU.ActiveCfg = Debug|Any CPU
		{A490F548-10AB-41A8-90ED-1E5E63F8401C}.Debug|Any CPU.Build.0 = Debug|Any CPU
		{A490F548-10AB-41A8-90ED-1E5E63F8401C}.Release|Any CPU.ActiveCfg = Release|Any CPU
		{A490F548-10AB-41A8-90ED-1E5E63F8401C}.Release|Any CPU.Build.0 = Release|Any CPU
		{AADDC107-5AF0-4D81-9991-6B85C06AE8B9}.Debug|Any CPU.ActiveCfg = Debug|Any CPU
		{AADDC107-5AF0-4D81-9991-6B85C06AE8B9}.Debug|Any CPU.Build.0 = Debug|Any CPU
		{AADDC107-5AF0-4D81-9991-6B85C06AE8B9}.Release|Any CPU.ActiveCfg = Release|Any CPU
		{AADDC107-5AF0-4D81-9991-6B85C06AE8B9}.Release|Any CPU.Build.0 = Release|Any CPU
		{B1150518-A2CC-43A5-9DEB-2F4C81FA69F5}.Debug|Any CPU.ActiveCfg = Debug|Any CPU
		{B1150518-A2CC-43A5-9DEB-2F4C81FA69F5}.Debug|Any CPU.Build.0 = Debug|Any CPU
		{B1150518-A2CC-43A5-9DEB-2F4C81FA69F5}.Release|Any CPU.ActiveCfg = Release|Any CPU
		{B1150518-A2CC-43A5-9DEB-2F4C81FA69F5}.Release|Any CPU.Build.0 = Release|Any CPU
		{7345B593-0674-46F5-AE75-35F53D584234}.Debug|Any CPU.ActiveCfg = Debug|Any CPU
		{7345B593-0674-46F5-AE75-35F53D584234}.Debug|Any CPU.Build.0 = Debug|Any CPU
		{7345B593-0674-46F5-AE75-35F53D584234}.Release|Any CPU.ActiveCfg = Release|Any CPU
		{7345B593-0674-46F5-AE75-35F53D584234}.Release|Any CPU.Build.0 = Release|Any CPU
		{37B49FD9-92C3-4C76-9663-765892C14C12}.Debug|Any CPU.ActiveCfg = Debug|Any CPU
		{37B49FD9-92C3-4C76-9663-765892C14C12}.Debug|Any CPU.Build.0 = Debug|Any CPU
		{37B49FD9-92C3-4C76-9663-765892C14C12}.Release|Any CPU.ActiveCfg = Release|Any CPU
		{37B49FD9-92C3-4C76-9663-765892C14C12}.Release|Any CPU.Build.0 = Release|Any CPU
		{0B3E501A-F135-4335-AF57-5D8264951C25}.Debug|Any CPU.ActiveCfg = Debug|Any CPU
		{0B3E501A-F135-4335-AF57-5D8264951C25}.Debug|Any CPU.Build.0 = Debug|Any CPU
		{0B3E501A-F135-4335-AF57-5D8264951C25}.Release|Any CPU.ActiveCfg = Release|Any CPU
		{0B3E501A-F135-4335-AF57-5D8264951C25}.Release|Any CPU.Build.0 = Release|Any CPU
		{8565B8B2-C1ED-4051-8251-F935E07D5C54}.Debug|Any CPU.ActiveCfg = Debug|Any CPU
		{8565B8B2-C1ED-4051-8251-F935E07D5C54}.Debug|Any CPU.Build.0 = Debug|Any CPU
		{8565B8B2-C1ED-4051-8251-F935E07D5C54}.Release|Any CPU.ActiveCfg = Release|Any CPU
		{8565B8B2-C1ED-4051-8251-F935E07D5C54}.Release|Any CPU.Build.0 = Release|Any CPU
		{0350CF12-F85D-4FAD-B7F2-F531350D400E}.Debug|Any CPU.ActiveCfg = Debug|Any CPU
		{0350CF12-F85D-4FAD-B7F2-F531350D400E}.Debug|Any CPU.Build.0 = Debug|Any CPU
		{0350CF12-F85D-4FAD-B7F2-F531350D400E}.Release|Any CPU.ActiveCfg = Release|Any CPU
		{0350CF12-F85D-4FAD-B7F2-F531350D400E}.Release|Any CPU.Build.0 = Release|Any CPU
	EndGlobalSection
	GlobalSection(SolutionProperties) = preSolution
		HideSolutionNode = FALSE
	EndGlobalSection
	GlobalSection(NestedProjects) = preSolution
		{A490F548-10AB-41A8-90ED-1E5E63F8401C} = {FF10EAE9-3BC8-4DE8-887E-D76F18FE38CB}
		{AADDC107-5AF0-4D81-9991-6B85C06AE8B9} = {FF10EAE9-3BC8-4DE8-887E-D76F18FE38CB}
		{B1150518-A2CC-43A5-9DEB-2F4C81FA69F5} = {FF10EAE9-3BC8-4DE8-887E-D76F18FE38CB}
		{7345B593-0674-46F5-AE75-35F53D584234} = {FF10EAE9-3BC8-4DE8-887E-D76F18FE38CB}
		{37B49FD9-92C3-4C76-9663-765892C14C12} = {FF10EAE9-3BC8-4DE8-887E-D76F18FE38CB}
		{0B3E501A-F135-4335-AF57-5D8264951C25} = {FF10EAE9-3BC8-4DE8-887E-D76F18FE38CB}
		{8565B8B2-C1ED-4051-8251-F935E07D5C54} = {FF10EAE9-3BC8-4DE8-887E-D76F18FE38CB}
		{0350CF12-F85D-4FAD-B7F2-F531350D400E} = {FF10EAE9-3BC8-4DE8-887E-D76F18FE38CB}
	EndGlobalSection
	GlobalSection(ExtensibilityGlobals) = postSolution
		SolutionGuid = {B129B4E9-576B-48B4-8188-A7CF77755D66}
	EndGlobalSection
EndGlobal
